PODS:
  - CorePlot (2.2)
  - RxCocoa (4.1.1):
    - RxSwift (~> 4.0)
  - RxSwift (4.1.1)

DEPENDENCIES:
  - CorePlot (from `https://github.com/core-plot/core-plot.git`, branch `release-2.3`)
  - RxCocoa
  - RxSwift

EXTERNAL SOURCES:
  CorePlot:
    :branch: release-2.3
    :git: https://github.com/core-plot/core-plot.git

CHECKOUT OPTIONS:
  CorePlot:
    :commit: 3e4606d9cfc39fed231e901f910c8535c7a84f43
    :git: https://github.com/core-plot/core-plot.git

SPEC CHECKSUMS:
  CorePlot: a89f21d4662cb54853e579c4ce560e74036cffcb
  RxCocoa: fd0862fd2df95fa55562ad28ffd2522c25eb4a85
  RxSwift: c6e3b1c7b325c7d121cd4327e9d98b7ed746b570

PODFILE CHECKSUM: 1bf01497feab58e4378bc85671ca8fc97a96d63c

COCOAPODS: 1.2.1
