{
  "object": {
    "pins": [
      {
        "package": "CorePlot",
        "repositoryURL": "https://github.com/core-plot/core-plot",
        "state": {
          "branch": "release-2.4",
          "revision": "fc46c4a59f25152d64d23f26a8185fe531a84acd",
          "version": null
        }
      },
      {
        "package": "MBProgressHUD",
        "repositoryURL": "https://github.com/jdg/MBProgressHUD.git",
        "state": {
          "branch": null,
          "revision": "bca42b801100b2b3a4eda0ba8dd33d858c780b0d",
          "version": "1.2.0"
        }
      },
      {
        "package": "RxSwift",
        "repositoryURL": "https://github.com/ReactiveX/RxSwift.git",
        "state": {
          "branch": null,
          "revision": "7c17a6ccca06b5c107cfa4284e634562ddaf5951",
          "version": "6.2.0"
        }
      }
    ]
  },
  "version": 1
}
