// !$*UTF8*$!
{
	archiveVersion = 1;
	classes = {
	};
	objectVersion = 48;
	objects = {

/* Begin PBXBuildFile section */
		084EEBBB20D83D4700C6B81D /* Bundle+Extensions.swift in Sources */ = {isa = PBXBuildFile; fileRef = 084EEBBA20D83D4700C6B81D /* Bundle+Extensions.swift */; };
		802165EB20DC5F9B0036A73C /* XTRElementListViewControllerDelegate.swift in Sources */ = {isa = PBXBuildFile; fileRef = 802165EA20DC5F9B0036A73C /* XTRElementListViewControllerDelegate.swift */; };
		80753FD220DC656700E8EE5C /* XTRGraphViewControllerDelegate.swift in Sources */ = {isa = PBXBuildFile; fileRef = 80753FD120DC656700E8EE5C /* XTRGraphViewControllerDelegate.swift */; };
		80753FD520DC67F800E8EE5C /* XTRWikipediaViewControllerDelegate.swift in Sources */ = {isa = PBXBuildFile; fileRef = 80753FD420DC67F800E8EE5C /* XTRWikipediaViewControllerDelegate.swift */; };
		80753FD820DC69CC00E8EE5C /* XTRSpectrumViewControllerDelegate.swift in Sources */ = {isa = PBXBuildFile; fileRef = 80753FD720DC69CC00E8EE5C /* XTRSpectrumViewControllerDelegate.swift */; };
		80753FDB20DC6EC400E8EE5C /* XTRHelpBalloonViewControllerDelegate.swift in Sources */ = {isa = PBXBuildFile; fileRef = 80753FDA20DC6EC400E8EE5C /* XTRHelpBalloonViewControllerDelegate.swift */; };
		80753FE120DC707900E8EE5C /* XTRNuclidesIsotopesViewControllerDelegate.swift in Sources */ = {isa = PBXBuildFile; fileRef = 80753FE020DC707900E8EE5C /* XTRNuclidesIsotopesViewControllerDelegate.swift */; };
		80753FE420DC742D00E8EE5C /* XTRMainViewControllerDelegate.swift in Sources */ = {isa = PBXBuildFile; fileRef = 80753FE320DC742D00E8EE5C /* XTRMainViewControllerDelegate.swift */; };
		80753FE720DC78E200E8EE5C /* XTRInfoViewControllerDelegate.swift in Sources */ = {isa = PBXBuildFile; fileRef = 80753FE620DC78E200E8EE5C /* XTRInfoViewControllerDelegate.swift */; };
		80769E6920DD472D00DB4FC6 /* XTRMainViewControllerDelegate.swift in Sources */ = {isa = PBXBuildFile; fileRef = 80753FE320DC742D00E8EE5C /* XTRMainViewControllerDelegate.swift */; };
		808127D920E007A00066FB7C /* XTRImageFactory.swift in Sources */ = {isa = PBXBuildFile; fileRef = 808127D820E007A00066FB7C /* XTRImageFactory.swift */; };
		808127DE20E00C2C0066FB7C /* XTRAppearanceManagerClassic.swift in Sources */ = {isa = PBXBuildFile; fileRef = 808127DC20E00C2B0066FB7C /* XTRAppearanceManagerClassic.swift */; };
		808127DF20E00C2C0066FB7C /* XTRAppearanceManagerStandard.swift in Sources */ = {isa = PBXBuildFile; fileRef = 808127DD20E00C2B0066FB7C /* XTRAppearanceManagerStandard.swift */; };
		808127E220E00EF40066FB7C /* XTRColorFactoryClassic.swift in Sources */ = {isa = PBXBuildFile; fileRef = 808127E020E00EF30066FB7C /* XTRColorFactoryClassic.swift */; };
		808127E320E00EF40066FB7C /* XTRColorFactoryStandard.swift in Sources */ = {isa = PBXBuildFile; fileRef = 808127E120E00EF40066FB7C /* XTRColorFactoryStandard.swift */; };
		8085C31C20E018FB0004A16A /* XTRAppearanceManager.swift in Sources */ = {isa = PBXBuildFile; fileRef = 80CB8BAC20DDAFCE00228CC7 /* XTRAppearanceManager.swift */; };
		8085C31D20E018FE0004A16A /* XTRAppearanceManagerClassic.swift in Sources */ = {isa = PBXBuildFile; fileRef = 808127DC20E00C2B0066FB7C /* XTRAppearanceManagerClassic.swift */; };
		8085C31E20E019010004A16A /* XTRAppearanceManagerStandard.swift in Sources */ = {isa = PBXBuildFile; fileRef = 808127DD20E00C2B0066FB7C /* XTRAppearanceManagerStandard.swift */; };
		8085C31F20E019050004A16A /* XTRColorFactory.swift in Sources */ = {isa = PBXBuildFile; fileRef = B82DA0541CC139D200BD2E41 /* XTRColorFactory.swift */; };
		8085C32020E019080004A16A /* XTRColorFactoryClassic.swift in Sources */ = {isa = PBXBuildFile; fileRef = 808127E020E00EF30066FB7C /* XTRColorFactoryClassic.swift */; };
		8085C32120E0190B0004A16A /* XTRColorFactoryStandard.swift in Sources */ = {isa = PBXBuildFile; fileRef = 808127E120E00EF40066FB7C /* XTRColorFactoryStandard.swift */; };
		8085C32220E0190E0004A16A /* XTRImageFactory.swift in Sources */ = {isa = PBXBuildFile; fileRef = 808127D820E007A00066FB7C /* XTRImageFactory.swift */; };
		80CB8BAD20DDAFCE00228CC7 /* XTRAppearanceManager.swift in Sources */ = {isa = PBXBuildFile; fileRef = 80CB8BAC20DDAFCE00228CC7 /* XTRAppearanceManager.swift */; };
		971B187C14855B5800333B91 /* MBProgressHUD.m in Sources */ = {isa = PBXBuildFile; fileRef = 971B187B14855B5800333B91 /* MBProgressHUD.m */; };
		9744F9E31487C3BF006FD9B2 /* MainStoryboard.storyboard in Resources */ = {isa = PBXBuildFile; fileRef = 9744F9E21487C3BF006FD9B2 /* MainStoryboard.storyboard */; };
		9746B1E91492503600A0DC96 /* PrimaMateriaHelp in Resources */ = {isa = PBXBuildFile; fileRef = 9746B1E81492503600A0DC96 /* PrimaMateriaHelp */; };
		974C5677147BF0C300DDFC77 /* Credits.rtf in Resources */ = {isa = PBXBuildFile; fileRef = 974C5674147BF0C300DDFC77 /* Credits.rtf */; };
		974C5679147BF0C300DDFC77 /* LoadFailure.html in Resources */ = {isa = PBXBuildFile; fileRef = 974C5676147BF0C300DDFC77 /* LoadFailure.html */; };
		974C567D147BF0E000DDFC77 /* ElementTipHelp in Resources */ = {isa = PBXBuildFile; fileRef = 974C567A147BF0E000DDFC77 /* ElementTipHelp */; };
		974C567F147BF0E000DDFC77 /* SupportingFiles in Resources */ = {isa = PBXBuildFile; fileRef = 974C567C147BF0E000DDFC77 /* SupportingFiles */; };
		97E33605147AA7C7008147AD /* PrimaMateria.plist in Resources */ = {isa = PBXBuildFile; fileRef = 97E33604147AA7C7008147AD /* PrimaMateria.plist */; };
		97E33668147AB701008147AD /* Settings.bundle in Resources */ = {isa = PBXBuildFile; fileRef = 97E33667147AB701008147AD /* Settings.bundle */; };
		9B116A6520D6ADCF00175AF0 /* PrimaMateriaTests.swift in Sources */ = {isa = PBXBuildFile; fileRef = 9B116A4420D6A89C00175AF0 /* PrimaMateriaTests.swift */; };
		9B116A6620D6AE3600175AF0 /* UIColor-Extensions.swift in Sources */ = {isa = PBXBuildFile; fileRef = B8FA72B91CCB2699000AB48B /* UIColor-Extensions.swift */; };
		9B5388A620D85FFA004ED7AD /* XTRMolecularCalculator.swift in Sources */ = {isa = PBXBuildFile; fileRef = B827B66B1CCC5C8C009629AF /* XTRMolecularCalculator.swift */; };
		9B5388A720D86185004ED7AD /* XTRDataSource.swift in Sources */ = {isa = PBXBuildFile; fileRef = B897514A1CC19B15005C76C3 /* XTRDataSource.swift */; };
		9B5388A820D8619E004ED7AD /* XTRElement.swift in Sources */ = {isa = PBXBuildFile; fileRef = B82DA0571CC1471C00BD2E41 /* XTRElement.swift */; };
		9B5388A920D861B1004ED7AD /* XTRDefines.swift in Sources */ = {isa = PBXBuildFile; fileRef = B827B6711CCD4CDD009629AF /* XTRDefines.swift */; };
		9B5388AA20D86203004ED7AD /* NSObject+General.swift in Sources */ = {isa = PBXBuildFile; fileRef = B8528FEB1ED35AC100A19156 /* NSObject+General.swift */; };
		9B5388AB20D86222004ED7AD /* XTRElement-Presentation.swift in Sources */ = {isa = PBXBuildFile; fileRef = B8FA72B31CCAE62D000AB48B /* XTRElement-Presentation.swift */; };
		9B5388AD20D86281004ED7AD /* XTRShellModelScene.swift in Sources */ = {isa = PBXBuildFile; fileRef = B8E61C921EEB848E00F9504D /* XTRShellModelScene.swift */; };
		9B5388AE20D862A5004ED7AD /* XTRPropertiesStore.swift in Sources */ = {isa = PBXBuildFile; fileRef = B82DA04F1CC12D8800BD2E41 /* XTRPropertiesStore.swift */; };
		9B5388AF20D864E5004ED7AD /* XTRMainViewController.swift in Sources */ = {isa = PBXBuildFile; fileRef = B82DA0631CC17D9200BD2E41 /* XTRMainViewController.swift */; };
		9B5388B020D8651D004ED7AD /* UIImage-Extensions.swift in Sources */ = {isa = PBXBuildFile; fileRef = B8FA72B61CCB1BC6000AB48B /* UIImage-Extensions.swift */; };
		9B5388B120D8652D004ED7AD /* XTRSplashViewController.swift in Sources */ = {isa = PBXBuildFile; fileRef = B87214B31CC023BC0021C8F5 /* XTRSplashViewController.swift */; };
		9B5388B220D86543004ED7AD /* XTRSimpleTransitionController.swift in Sources */ = {isa = PBXBuildFile; fileRef = B8788CDE1CED2B8100D6BD5B /* XTRSimpleTransitionController.swift */; };
		9B5388B320D8655F004ED7AD /* Bundle+Extensions.swift in Sources */ = {isa = PBXBuildFile; fileRef = 084EEBBA20D83D4700C6B81D /* Bundle+Extensions.swift */; };
		9B5388B420D86576004ED7AD /* XTRAppDelegate.swift in Sources */ = {isa = PBXBuildFile; fileRef = B827CD431CC7FD3A00E74129 /* XTRAppDelegate.swift */; };
		B80721451CB85FF8003233D1 /* Accelerate.framework in Frameworks */ = {isa = PBXBuildFile; fileRef = B826ED20191D59EF0038C532 /* Accelerate.framework */; };
		B827B66C1CCC5C8C009629AF /* XTRMolecularCalculator.swift in Sources */ = {isa = PBXBuildFile; fileRef = B827B66B1CCC5C8C009629AF /* XTRMolecularCalculator.swift */; };
		B827B66F1CCD34DF009629AF /* XTRMolecularCalculatorViewController.swift in Sources */ = {isa = PBXBuildFile; fileRef = B827B66E1CCD34DF009629AF /* XTRMolecularCalculatorViewController.swift */; };
		B827B6721CCD4CDD009629AF /* XTRDefines.swift in Sources */ = {isa = PBXBuildFile; fileRef = B827B6711CCD4CDD009629AF /* XTRDefines.swift */; };
		B827CD441CC7FD3A00E74129 /* XTRAppDelegate.swift in Sources */ = {isa = PBXBuildFile; fileRef = B827CD431CC7FD3A00E74129 /* XTRAppDelegate.swift */; };
		B827CD491CC8019E00E74129 /* main.swift in Sources */ = {isa = PBXBuildFile; fileRef = B827CD481CC8019E00E74129 /* main.swift */; };
		B827CD4C1CC80AA300E74129 /* XTRApplication.swift in Sources */ = {isa = PBXBuildFile; fileRef = B827CD4B1CC80AA300E74129 /* XTRApplication.swift */; };
		B827CD4F1CC81A5200E74129 /* XTRSwapableViewController.swift in Sources */ = {isa = PBXBuildFile; fileRef = B827CD4E1CC81A5200E74129 /* XTRSwapableViewController.swift */; };
		B82DA0501CC12D8800BD2E41 /* XTRPropertiesStore.swift in Sources */ = {isa = PBXBuildFile; fileRef = B82DA04F1CC12D8800BD2E41 /* XTRPropertiesStore.swift */; };
		B82DA0551CC139D200BD2E41 /* XTRColorFactory.swift in Sources */ = {isa = PBXBuildFile; fileRef = B82DA0541CC139D200BD2E41 /* XTRColorFactory.swift */; };
		B82DA0581CC1471C00BD2E41 /* XTRElement.swift in Sources */ = {isa = PBXBuildFile; fileRef = B82DA0571CC1471C00BD2E41 /* XTRElement.swift */; };
		B82DA05B1CC164F700BD2E41 /* XTRHelpBalloonViewController.swift in Sources */ = {isa = PBXBuildFile; fileRef = B82DA05A1CC164F700BD2E41 /* XTRHelpBalloonViewController.swift */; };
		B82DA05E1CC16B9F00BD2E41 /* XTRElementBalloonViewController.swift in Sources */ = {isa = PBXBuildFile; fileRef = B82DA05D1CC16B9F00BD2E41 /* XTRElementBalloonViewController.swift */; };
		B82DA0611CC16FBF00BD2E41 /* XTRElementListViewController.swift in Sources */ = {isa = PBXBuildFile; fileRef = B82DA0601CC16FBF00BD2E41 /* XTRElementListViewController.swift */; };
		B82DA0641CC17D9200BD2E41 /* XTRMainViewController.swift in Sources */ = {isa = PBXBuildFile; fileRef = B82DA0631CC17D9200BD2E41 /* XTRMainViewController.swift */; };
		B8528FEC1ED35AC100A19156 /* NSObject+General.swift in Sources */ = {isa = PBXBuildFile; fileRef = B8528FEB1ED35AC100A19156 /* NSObject+General.swift */; };
		B8528FFE1ED368CC00A19156 /* XTRElementButton.swift in Sources */ = {isa = PBXBuildFile; fileRef = B8528FFD1ED368CC00A19156 /* XTRElementButton.swift */; };
		B85290031ED4D4C100A19156 /* CorePlot.framework in Frameworks */ = {isa = PBXBuildFile; fileRef = B85290021ED4D4C100A19156 /* CorePlot.framework */; };
		B85CC45D1CC7C674005683F3 /* XTRNuclidesIsotopesViewController.swift in Sources */ = {isa = PBXBuildFile; fileRef = B85CC45C1CC7C674005683F3 /* XTRNuclidesIsotopesViewController.swift */; };
		B87214A91CC0008B0021C8F5 /* XTRBarPlot.swift in Sources */ = {isa = PBXBuildFile; fileRef = B87214A81CC0008B0021C8F5 /* XTRBarPlot.swift */; };
		B87214AE1CC019860021C8F5 /* XTRTableLabel.swift in Sources */ = {isa = PBXBuildFile; fileRef = B87214AD1CC019860021C8F5 /* XTRTableLabel.swift */; };
		B87214B41CC023BC0021C8F5 /* XTRSplashViewController.swift in Sources */ = {isa = PBXBuildFile; fileRef = B87214B31CC023BC0021C8F5 /* XTRSplashViewController.swift */; };
		B87214B71CC02BE40021C8F5 /* XTRInfoViewController.swift in Sources */ = {isa = PBXBuildFile; fileRef = B87214B61CC02BE40021C8F5 /* XTRInfoViewController.swift */; };
		B87214C11CC0417B0021C8F5 /* XTRWikipediaViewController.swift in Sources */ = {isa = PBXBuildFile; fileRef = B87214C01CC0417B0021C8F5 /* XTRWikipediaViewController.swift */; };
		B87214C41CC051D60021C8F5 /* XTRColorPickerViewController.swift in Sources */ = {isa = PBXBuildFile; fileRef = B87214C31CC051D60021C8F5 /* XTRColorPickerViewController.swift */; };
		B87214C71CC063AA0021C8F5 /* XTRCornerImageView.swift in Sources */ = {isa = PBXBuildFile; fileRef = B87214C61CC063AA0021C8F5 /* XTRCornerImageView.swift */; };
		B87214CA1CC0669E0021C8F5 /* XTRShadowView.swift in Sources */ = {isa = PBXBuildFile; fileRef = B87214C91CC0669E0021C8F5 /* XTRShadowView.swift */; };
		B87214CD1CC06E290021C8F5 /* XTRDividerLabel.swift in Sources */ = {isa = PBXBuildFile; fileRef = B87214CC1CC06E290021C8F5 /* XTRDividerLabel.swift */; };
		B87214D01CC070B30021C8F5 /* XTRTableCell.swift in Sources */ = {isa = PBXBuildFile; fileRef = B87214CF1CC070B30021C8F5 /* XTRTableCell.swift */; };
		B87214D31CC07B330021C8F5 /* XTRTableHeaderButton.swift in Sources */ = {isa = PBXBuildFile; fileRef = B87214D21CC07B330021C8F5 /* XTRTableHeaderButton.swift */; };
		B87214D91CC087590021C8F5 /* XTRGeneralButton.swift in Sources */ = {isa = PBXBuildFile; fileRef = B87214D81CC087590021C8F5 /* XTRGeneralButton.swift */; };
		B87214DC1CC088B30021C8F5 /* XTRHelpButton.swift in Sources */ = {isa = PBXBuildFile; fileRef = B87214DB1CC088B30021C8F5 /* XTRHelpButton.swift */; };
		B87214DF1CC10BC60021C8F5 /* XTRElementTableViewCell.swift in Sources */ = {isa = PBXBuildFile; fileRef = B87214DE1CC10BC60021C8F5 /* XTRElementTableViewCell.swift */; };
		B8788CDF1CED2B8100D6BD5B /* XTRSimpleTransitionController.swift in Sources */ = {isa = PBXBuildFile; fileRef = B8788CDE1CED2B8100D6BD5B /* XTRSimpleTransitionController.swift */; };
		B8788CE41CED2EE900D6BD5B /* XTRPopoutAnimationController.swift in Sources */ = {isa = PBXBuildFile; fileRef = B8788CE31CED2EE900D6BD5B /* XTRPopoutAnimationController.swift */; };
		B8788CEA1CED379200D6BD5B /* XTRSlideDownAnimationController.swift in Sources */ = {isa = PBXBuildFile; fileRef = B8788CE91CED379200D6BD5B /* XTRSlideDownAnimationController.swift */; };
		B881520D1CA9EFDD000FC7FA /* LaunchScreen.storyboard in Resources */ = {isa = PBXBuildFile; fileRef = B881520C1CA9EFDD000FC7FA /* LaunchScreen.storyboard */; };
		B88152151CAAA685000FC7FA /* Images.xcassets in Resources */ = {isa = PBXBuildFile; fileRef = B88152141CAAA685000FC7FA /* Images.xcassets */; };
		B891AFFD1CC42BF500345DBE /* XTRElementPropertiesViewController.swift in Sources */ = {isa = PBXBuildFile; fileRef = B891AFFC1CC42BF500345DBE /* XTRElementPropertiesViewController.swift */; };
		B891B0021CC4362F00345DBE /* XTRSpectrumViewController.swift in Sources */ = {isa = PBXBuildFile; fileRef = B891B0011CC4362F00345DBE /* XTRSpectrumViewController.swift */; };
		B89751431CC18B94005C76C3 /* XTRGraphChoiceViewController.swift in Sources */ = {isa = PBXBuildFile; fileRef = B89751421CC18B94005C76C3 /* XTRGraphChoiceViewController.swift */; };
		B89751471CC18DE1005C76C3 /* XTRPeriodicTableViewController.swift in Sources */ = {isa = PBXBuildFile; fileRef = B89751461CC18DE1005C76C3 /* XTRPeriodicTableViewController.swift */; };
		B897514B1CC19B15005C76C3 /* XTRDataSource.swift in Sources */ = {isa = PBXBuildFile; fileRef = B897514A1CC19B15005C76C3 /* XTRDataSource.swift */; };
		B897514E1CC1B791005C76C3 /* XTRAtomicStructureViewController.swift in Sources */ = {isa = PBXBuildFile; fileRef = B897514D1CC1B791005C76C3 /* XTRAtomicStructureViewController.swift */; };
		B8A904D91F2B69DC00539517 /* Splash.storyboard in Resources */ = {isa = PBXBuildFile; fileRef = B8A904D81F2B69DC00539517 /* Splash.storyboard */; };
		B8A904DC1F2B6BA700539517 /* NuclidesIsotopes.storyboard in Resources */ = {isa = PBXBuildFile; fileRef = B8A904DB1F2B6BA700539517 /* NuclidesIsotopes.storyboard */; };
		B8A904DF1F2B6BE000539517 /* Spectrum.storyboard in Resources */ = {isa = PBXBuildFile; fileRef = B8A904DE1F2B6BE000539517 /* Spectrum.storyboard */; };
		B8A904E21F2B6C1700539517 /* ElementProperties.storyboard in Resources */ = {isa = PBXBuildFile; fileRef = B8A904E11F2B6C1700539517 /* ElementProperties.storyboard */; };
		B8A904E51F2B6C6C00539517 /* AtomicStructure.storyboard in Resources */ = {isa = PBXBuildFile; fileRef = B8A904E41F2B6C6C00539517 /* AtomicStructure.storyboard */; };
		B8A904E81F2B6CA900539517 /* GeneralInfo.storyboard in Resources */ = {isa = PBXBuildFile; fileRef = B8A904E71F2B6CA900539517 /* GeneralInfo.storyboard */; };
		B8A904EB1F2B6D0100539517 /* HelpBalloon.storyboard in Resources */ = {isa = PBXBuildFile; fileRef = B8A904EA1F2B6D0100539517 /* HelpBalloon.storyboard */; };
		B8A904EE1F2B6D5200539517 /* GraphChoice.storyboard in Resources */ = {isa = PBXBuildFile; fileRef = B8A904ED1F2B6D5200539517 /* GraphChoice.storyboard */; };
		B8A904F11F2B6D7800539517 /* Info.storyboard in Resources */ = {isa = PBXBuildFile; fileRef = B8A904F01F2B6D7800539517 /* Info.storyboard */; };
		B8A904F41F2B6DE200539517 /* Preferences.storyboard in Resources */ = {isa = PBXBuildFile; fileRef = B8A904F31F2B6DE200539517 /* Preferences.storyboard */; };
		B8A904F71F2B6E3600539517 /* MolecularCalculator.storyboard in Resources */ = {isa = PBXBuildFile; fileRef = B8A904F61F2B6E3600539517 /* MolecularCalculator.storyboard */; };
		B8A904FA1F2B6E7B00539517 /* ElementInspector.storyboard in Resources */ = {isa = PBXBuildFile; fileRef = B8A904F91F2B6E7B00539517 /* ElementInspector.storyboard */; };
		B8A904FD1F2B6EC100539517 /* PeriodicTable.storyboard in Resources */ = {isa = PBXBuildFile; fileRef = B8A904FC1F2B6EC100539517 /* PeriodicTable.storyboard */; };
		B8A905001F2B6F5A00539517 /* ElementList.storyboard in Resources */ = {isa = PBXBuildFile; fileRef = B8A904FF1F2B6F5A00539517 /* ElementList.storyboard */; };
		B8A905031F2B6FA100539517 /* Graph.storyboard in Resources */ = {isa = PBXBuildFile; fileRef = B8A905021F2B6FA100539517 /* Graph.storyboard */; };
		B8A905061F2B71FE00539517 /* ColorPicker.storyboard in Resources */ = {isa = PBXBuildFile; fileRef = B8A905051F2B71FE00539517 /* ColorPicker.storyboard */; };
		B8A905091F2B727D00539517 /* ElementBalloon.storyboard in Resources */ = {isa = PBXBuildFile; fileRef = B8A905081F2B727D00539517 /* ElementBalloon.storyboard */; };
		B8A9050C1F2B72E600539517 /* Wikipedia.storyboard in Resources */ = {isa = PBXBuildFile; fileRef = B8A9050B1F2B72E600539517 /* Wikipedia.storyboard */; };
		B8B186D91CC1C79600113993 /* XTRElementInspectorViewController.swift in Sources */ = {isa = PBXBuildFile; fileRef = B8B186D81CC1C79600113993 /* XTRElementInspectorViewController.swift */; };
		B8B186DC1CC1DC5800113993 /* XTRGeneralInfoViewController.swift in Sources */ = {isa = PBXBuildFile; fileRef = B8B186DB1CC1DC5800113993 /* XTRGeneralInfoViewController.swift */; };
		B8B5BF081CCA9CC700DF9668 /* XTRGraphViewController.swift in Sources */ = {isa = PBXBuildFile; fileRef = B8B5BF071CCA9CC700DF9668 /* XTRGraphViewController.swift */; };
		B8C7C20A1EFDD609000C112C /* Cubic.scn in Resources */ = {isa = PBXBuildFile; fileRef = B8C7C2061EFDD549000C112C /* Cubic.scn */; };
		B8C7C20B1EFDD609000C112C /* CubicBody.scn in Resources */ = {isa = PBXBuildFile; fileRef = B8C7C2081EFDD549000C112C /* CubicBody.scn */; };
		B8C7C20C1EFDD609000C112C /* CubicFace.scn in Resources */ = {isa = PBXBuildFile; fileRef = B8C7C2011EFDD548000C112C /* CubicFace.scn */; };
		B8C7C20D1EFDD609000C112C /* Hexagonal.scn in Resources */ = {isa = PBXBuildFile; fileRef = B8C7C2021EFDD548000C112C /* Hexagonal.scn */; };
		B8C7C20E1EFDD609000C112C /* Monoclinic.scn in Resources */ = {isa = PBXBuildFile; fileRef = B8C7C2041EFDD548000C112C /* Monoclinic.scn */; };
		B8C7C20F1EFDD609000C112C /* Orthorhombic.scn in Resources */ = {isa = PBXBuildFile; fileRef = B8C7C2071EFDD549000C112C /* Orthorhombic.scn */; };
		B8C7C2101EFDD609000C112C /* Rhombohedral.scn in Resources */ = {isa = PBXBuildFile; fileRef = B8C7C2031EFDD548000C112C /* Rhombohedral.scn */; };
		B8C7C2111EFDD609000C112C /* Tetragonal.scn in Resources */ = {isa = PBXBuildFile; fileRef = B8C7C2051EFDD549000C112C /* Tetragonal.scn */; };
		B8C7C2121EFDD609000C112C /* Unknown.scn in Resources */ = {isa = PBXBuildFile; fileRef = B8C7C2091EFDD549000C112C /* Unknown.scn */; };
		B8C7C2201EFDDBC1000C112C /* PrimaMateria.scnassets in Resources */ = {isa = PBXBuildFile; fileRef = B8C7C21E1EFDD70C000C112C /* PrimaMateria.scnassets */; };
		B8E61C931EEB850400F9504D /* XTRShellModelScene.swift in Sources */ = {isa = PBXBuildFile; fileRef = B8E61C921EEB848E00F9504D /* XTRShellModelScene.swift */; };
		B8FA72AE1CCABD09000AB48B /* XTRPreferencesViewController.swift in Sources */ = {isa = PBXBuildFile; fileRef = B8FA72AD1CCABD09000AB48B /* XTRPreferencesViewController.swift */; };
		B8FA72B41CCAE62D000AB48B /* XTRElement-Presentation.swift in Sources */ = {isa = PBXBuildFile; fileRef = B8FA72B31CCAE62D000AB48B /* XTRElement-Presentation.swift */; };
		B8FA72B71CCB1BC6000AB48B /* UIImage-Extensions.swift in Sources */ = {isa = PBXBuildFile; fileRef = B8FA72B61CCB1BC6000AB48B /* UIImage-Extensions.swift */; };
		B8FA72BA1CCB2699000AB48B /* UIColor-Extensions.swift in Sources */ = {isa = PBXBuildFile; fileRef = B8FA72B91CCB2699000AB48B /* UIColor-Extensions.swift */; };
		C16709F16D2493BB17844582 /* Pods_PrimaMateria.framework in Frameworks */ = {isa = PBXBuildFile; fileRef = A77AFCF0EBE19D366BC39610 /* Pods_PrimaMateria.framework */; };
/* End PBXBuildFile section */

/* Begin PBXFileReference section */
		084EEBBA20D83D4700C6B81D /* Bundle+Extensions.swift */ = {isa = PBXFileReference; lastKnownFileType = sourcecode.swift; path = "Bundle+Extensions.swift"; sourceTree = "<group>"; };
		1636C915595A793AA6D6ACC8 /* Pods-PrimaMateria Debug.release.xcconfig */ = {isa = PBXFileReference; includeInIndex = 1; lastKnownFileType = text.xcconfig; name = "Pods-PrimaMateria Debug.release.xcconfig"; path = "Pods/Target Support Files/Pods-PrimaMateria Debug/Pods-PrimaMateria Debug.release.xcconfig"; sourceTree = "<group>"; };
		667BA4B8E6AB4A94BB6FAFD6 /* Pods-PrimaMateria.debug.xcconfig */ = {isa = PBXFileReference; includeInIndex = 1; lastKnownFileType = text.xcconfig; name = "Pods-PrimaMateria.debug.xcconfig"; path = "Pods/Target Support Files/Pods-PrimaMateria/Pods-PrimaMateria.debug.xcconfig"; sourceTree = "<group>"; };
		756B61F8C4D1980652AEE84A /* Pods_PrimaMateria_Debug.framework */ = {isa = PBXFileReference; explicitFileType = wrapper.framework; includeInIndex = 0; path = Pods_PrimaMateria_Debug.framework; sourceTree = BUILT_PRODUCTS_DIR; };
		802165EA20DC5F9B0036A73C /* XTRElementListViewControllerDelegate.swift */ = {isa = PBXFileReference; lastKnownFileType = sourcecode.swift; path = XTRElementListViewControllerDelegate.swift; sourceTree = "<group>"; };
		80753FD120DC656700E8EE5C /* XTRGraphViewControllerDelegate.swift */ = {isa = PBXFileReference; lastKnownFileType = sourcecode.swift; path = XTRGraphViewControllerDelegate.swift; sourceTree = "<group>"; };
		80753FD420DC67F800E8EE5C /* XTRWikipediaViewControllerDelegate.swift */ = {isa = PBXFileReference; lastKnownFileType = sourcecode.swift; path = XTRWikipediaViewControllerDelegate.swift; sourceTree = "<group>"; };
		80753FD720DC69CC00E8EE5C /* XTRSpectrumViewControllerDelegate.swift */ = {isa = PBXFileReference; lastKnownFileType = sourcecode.swift; path = XTRSpectrumViewControllerDelegate.swift; sourceTree = "<group>"; };
		80753FDA20DC6EC400E8EE5C /* XTRHelpBalloonViewControllerDelegate.swift */ = {isa = PBXFileReference; lastKnownFileType = sourcecode.swift; path = XTRHelpBalloonViewControllerDelegate.swift; sourceTree = "<group>"; };
		80753FE020DC707900E8EE5C /* XTRNuclidesIsotopesViewControllerDelegate.swift */ = {isa = PBXFileReference; lastKnownFileType = sourcecode.swift; path = XTRNuclidesIsotopesViewControllerDelegate.swift; sourceTree = "<group>"; };
		80753FE320DC742D00E8EE5C /* XTRMainViewControllerDelegate.swift */ = {isa = PBXFileReference; lastKnownFileType = sourcecode.swift; path = XTRMainViewControllerDelegate.swift; sourceTree = "<group>"; };
		80753FE620DC78E200E8EE5C /* XTRInfoViewControllerDelegate.swift */ = {isa = PBXFileReference; lastKnownFileType = sourcecode.swift; path = XTRInfoViewControllerDelegate.swift; sourceTree = "<group>"; };
		808127D820E007A00066FB7C /* XTRImageFactory.swift */ = {isa = PBXFileReference; lastKnownFileType = sourcecode.swift; path = XTRImageFactory.swift; sourceTree = "<group>"; };
		808127DC20E00C2B0066FB7C /* XTRAppearanceManagerClassic.swift */ = {isa = PBXFileReference; fileEncoding = 4; lastKnownFileType = sourcecode.swift; path = XTRAppearanceManagerClassic.swift; sourceTree = "<group>"; };
		808127DD20E00C2B0066FB7C /* XTRAppearanceManagerStandard.swift */ = {isa = PBXFileReference; fileEncoding = 4; lastKnownFileType = sourcecode.swift; path = XTRAppearanceManagerStandard.swift; sourceTree = "<group>"; };
		808127E020E00EF30066FB7C /* XTRColorFactoryClassic.swift */ = {isa = PBXFileReference; fileEncoding = 4; lastKnownFileType = sourcecode.swift; path = XTRColorFactoryClassic.swift; sourceTree = "<group>"; };
		808127E120E00EF40066FB7C /* XTRColorFactoryStandard.swift */ = {isa = PBXFileReference; fileEncoding = 4; lastKnownFileType = sourcecode.swift; path = XTRColorFactoryStandard.swift; sourceTree = "<group>"; };
		80CB8BAC20DDAFCE00228CC7 /* XTRAppearanceManager.swift */ = {isa = PBXFileReference; lastKnownFileType = sourcecode.swift; path = XTRAppearanceManager.swift; sourceTree = "<group>"; };
		971B187A14855B5800333B91 /* MBProgressHUD.h */ = {isa = PBXFileReference; fileEncoding = 4; lastKnownFileType = sourcecode.c.h; path = MBProgressHUD.h; sourceTree = "<group>"; };
		971B187B14855B5800333B91 /* MBProgressHUD.m */ = {isa = PBXFileReference; fileEncoding = 4; lastKnownFileType = sourcecode.c.objc; path = MBProgressHUD.m; sourceTree = "<group>"; };
		9744F9E21487C3BF006FD9B2 /* MainStoryboard.storyboard */ = {isa = PBXFileReference; fileEncoding = 4; lastKnownFileType = file.storyboard; path = MainStoryboard.storyboard; sourceTree = "<group>"; };
		9746B1E81492503600A0DC96 /* PrimaMateriaHelp */ = {isa = PBXFileReference; lastKnownFileType = folder; path = PrimaMateriaHelp; sourceTree = "<group>"; };
		974C5674147BF0C300DDFC77 /* Credits.rtf */ = {isa = PBXFileReference; fileEncoding = 4; lastKnownFileType = text.rtf; path = Credits.rtf; sourceTree = "<group>"; };
		974C5676147BF0C300DDFC77 /* LoadFailure.html */ = {isa = PBXFileReference; fileEncoding = 4; lastKnownFileType = text.html; path = LoadFailure.html; sourceTree = "<group>"; };
		974C567A147BF0E000DDFC77 /* ElementTipHelp */ = {isa = PBXFileReference; lastKnownFileType = folder; path = ElementTipHelp; sourceTree = "<group>"; };
		974C567C147BF0E000DDFC77 /* SupportingFiles */ = {isa = PBXFileReference; lastKnownFileType = folder; path = SupportingFiles; sourceTree = "<group>"; };
		97E33562147A938A008147AD /* PrimaMateria.app */ = {isa = PBXFileReference; explicitFileType = wrapper.application; includeInIndex = 0; path = PrimaMateria.app; sourceTree = BUILT_PRODUCTS_DIR; };
		97E3356E147A938A008147AD /* PrimaMateria-Info.plist */ = {isa = PBXFileReference; lastKnownFileType = text.plist.xml; name = "PrimaMateria-Info.plist"; path = "../PrimaMateria-Info.plist"; sourceTree = "<group>"; };
		97E33574147A938A008147AD /* PrimaMateria-Prefix.pch */ = {isa = PBXFileReference; lastKnownFileType = sourcecode.c.h; path = "PrimaMateria-Prefix.pch"; sourceTree = "<group>"; };
		97E33604147AA7C7008147AD /* PrimaMateria.plist */ = {isa = PBXFileReference; fileEncoding = 4; lastKnownFileType = text.plist.xml; path = PrimaMateria.plist; sourceTree = "<group>"; };
		97E3365C147AAE5D008147AD /* PrimaMateria.entitlements */ = {isa = PBXFileReference; lastKnownFileType = text.xml; name = PrimaMateria.entitlements; path = ../PrimaMateria.entitlements; sourceTree = "<group>"; };
		97E33661147AB045008147AD /* PrimaMateria.h */ = {isa = PBXFileReference; fileEncoding = 4; lastKnownFileType = sourcecode.c.h; path = PrimaMateria.h; sourceTree = "<group>"; };
		97E33667147AB701008147AD /* Settings.bundle */ = {isa = PBXFileReference; lastKnownFileType = "wrapper.plug-in"; path = Settings.bundle; sourceTree = "<group>"; };
		9B116A4420D6A89C00175AF0 /* PrimaMateriaTests.swift */ = {isa = PBXFileReference; lastKnownFileType = sourcecode.swift; path = PrimaMateriaTests.swift; sourceTree = "<group>"; };
		9B116A4620D6A89C00175AF0 /* Info.plist */ = {isa = PBXFileReference; lastKnownFileType = text.plist.xml; path = Info.plist; sourceTree = "<group>"; };
		9B116A5B20D6AC6B00175AF0 /* PrimaMateriaTests.xctest */ = {isa = PBXFileReference; explicitFileType = wrapper.cfbundle; includeInIndex = 0; path = PrimaMateriaTests.xctest; sourceTree = BUILT_PRODUCTS_DIR; };
		A77AFCF0EBE19D366BC39610 /* Pods_PrimaMateria.framework */ = {isa = PBXFileReference; explicitFileType = wrapper.framework; includeInIndex = 0; path = Pods_PrimaMateria.framework; sourceTree = BUILT_PRODUCTS_DIR; };
		B807213E1CB85DF2003233D1 /* Foundation.framework */ = {isa = PBXFileReference; lastKnownFileType = wrapper.framework; name = Foundation.framework; path = System/Library/Frameworks/Foundation.framework; sourceTree = SDKROOT; };
		B80721411CB85FA7003233D1 /* UIKit.framework */ = {isa = PBXFileReference; lastKnownFileType = wrapper.framework; name = UIKit.framework; path = System/Library/Frameworks/UIKit.framework; sourceTree = SDKROOT; };
		B826ED20191D59EF0038C532 /* Accelerate.framework */ = {isa = PBXFileReference; lastKnownFileType = wrapper.framework; name = Accelerate.framework; path = System/Library/Frameworks/Accelerate.framework; sourceTree = SDKROOT; };
		B827B66B1CCC5C8C009629AF /* XTRMolecularCalculator.swift */ = {isa = PBXFileReference; fileEncoding = 4; lastKnownFileType = sourcecode.swift; path = XTRMolecularCalculator.swift; sourceTree = "<group>"; };
		B827B66E1CCD34DF009629AF /* XTRMolecularCalculatorViewController.swift */ = {isa = PBXFileReference; fileEncoding = 4; lastKnownFileType = sourcecode.swift; path = XTRMolecularCalculatorViewController.swift; sourceTree = "<group>"; };
		B827B6711CCD4CDD009629AF /* XTRDefines.swift */ = {isa = PBXFileReference; fileEncoding = 4; lastKnownFileType = sourcecode.swift; path = XTRDefines.swift; sourceTree = "<group>"; };
		B827CD431CC7FD3A00E74129 /* XTRAppDelegate.swift */ = {isa = PBXFileReference; fileEncoding = 4; lastKnownFileType = sourcecode.swift; path = XTRAppDelegate.swift; sourceTree = "<group>"; };
		B827CD481CC8019E00E74129 /* main.swift */ = {isa = PBXFileReference; fileEncoding = 4; lastKnownFileType = sourcecode.swift; path = main.swift; sourceTree = "<group>"; };
		B827CD4B1CC80AA300E74129 /* XTRApplication.swift */ = {isa = PBXFileReference; fileEncoding = 4; lastKnownFileType = sourcecode.swift; path = XTRApplication.swift; sourceTree = "<group>"; };
		B827CD4E1CC81A5200E74129 /* XTRSwapableViewController.swift */ = {isa = PBXFileReference; fileEncoding = 4; lastKnownFileType = sourcecode.swift; path = XTRSwapableViewController.swift; sourceTree = "<group>"; };
		B82DA04F1CC12D8800BD2E41 /* XTRPropertiesStore.swift */ = {isa = PBXFileReference; fileEncoding = 4; lastKnownFileType = sourcecode.swift; path = XTRPropertiesStore.swift; sourceTree = "<group>"; };
		B82DA0541CC139D200BD2E41 /* XTRColorFactory.swift */ = {isa = PBXFileReference; fileEncoding = 4; lastKnownFileType = sourcecode.swift; path = XTRColorFactory.swift; sourceTree = "<group>"; };
		B82DA0571CC1471C00BD2E41 /* XTRElement.swift */ = {isa = PBXFileReference; fileEncoding = 4; lastKnownFileType = sourcecode.swift; path = XTRElement.swift; sourceTree = "<group>"; };
		B82DA05A1CC164F700BD2E41 /* XTRHelpBalloonViewController.swift */ = {isa = PBXFileReference; fileEncoding = 4; lastKnownFileType = sourcecode.swift; path = XTRHelpBalloonViewController.swift; sourceTree = "<group>"; };
		B82DA05D1CC16B9F00BD2E41 /* XTRElementBalloonViewController.swift */ = {isa = PBXFileReference; fileEncoding = 4; lastKnownFileType = sourcecode.swift; path = XTRElementBalloonViewController.swift; sourceTree = "<group>"; };
		B82DA0601CC16FBF00BD2E41 /* XTRElementListViewController.swift */ = {isa = PBXFileReference; fileEncoding = 4; lastKnownFileType = sourcecode.swift; path = XTRElementListViewController.swift; sourceTree = "<group>"; };
		B82DA0631CC17D9200BD2E41 /* XTRMainViewController.swift */ = {isa = PBXFileReference; fileEncoding = 4; lastKnownFileType = sourcecode.swift; path = XTRMainViewController.swift; sourceTree = "<group>"; };
		B8528FEB1ED35AC100A19156 /* NSObject+General.swift */ = {isa = PBXFileReference; fileEncoding = 4; lastKnownFileType = sourcecode.swift; path = "NSObject+General.swift"; sourceTree = "<group>"; };
		B8528FFD1ED368CC00A19156 /* XTRElementButton.swift */ = {isa = PBXFileReference; fileEncoding = 4; lastKnownFileType = sourcecode.swift; path = XTRElementButton.swift; sourceTree = "<group>"; };
		B85290021ED4D4C100A19156 /* CorePlot.framework */ = {isa = PBXFileReference; lastKnownFileType = wrapper.framework; name = CorePlot.framework; path = "../../../../Build/Release-iphonesimulator/CorePlot/CorePlot.framework"; sourceTree = "<group>"; };
		B85CC45C1CC7C674005683F3 /* XTRNuclidesIsotopesViewController.swift */ = {isa = PBXFileReference; fileEncoding = 4; lastKnownFileType = sourcecode.swift; path = XTRNuclidesIsotopesViewController.swift; sourceTree = "<group>"; };
		B87214A61CC0008B0021C8F5 /* PrimaMateria-Bridging-Header.h */ = {isa = PBXFileReference; lastKnownFileType = sourcecode.c.h; path = "PrimaMateria-Bridging-Header.h"; sourceTree = "<group>"; };
		B87214A81CC0008B0021C8F5 /* XTRBarPlot.swift */ = {isa = PBXFileReference; fileEncoding = 4; lastKnownFileType = sourcecode.swift; path = XTRBarPlot.swift; sourceTree = "<group>"; };
		B87214AD1CC019860021C8F5 /* XTRTableLabel.swift */ = {isa = PBXFileReference; fileEncoding = 4; lastKnownFileType = sourcecode.swift; path = XTRTableLabel.swift; sourceTree = "<group>"; };
		B87214B31CC023BC0021C8F5 /* XTRSplashViewController.swift */ = {isa = PBXFileReference; fileEncoding = 4; lastKnownFileType = sourcecode.swift; path = XTRSplashViewController.swift; sourceTree = "<group>"; };
		B87214B61CC02BE40021C8F5 /* XTRInfoViewController.swift */ = {isa = PBXFileReference; fileEncoding = 4; lastKnownFileType = sourcecode.swift; path = XTRInfoViewController.swift; sourceTree = "<group>"; };
		B87214C01CC0417B0021C8F5 /* XTRWikipediaViewController.swift */ = {isa = PBXFileReference; fileEncoding = 4; lastKnownFileType = sourcecode.swift; path = XTRWikipediaViewController.swift; sourceTree = "<group>"; };
		B87214C31CC051D60021C8F5 /* XTRColorPickerViewController.swift */ = {isa = PBXFileReference; fileEncoding = 4; lastKnownFileType = sourcecode.swift; path = XTRColorPickerViewController.swift; sourceTree = "<group>"; };
		B87214C61CC063AA0021C8F5 /* XTRCornerImageView.swift */ = {isa = PBXFileReference; fileEncoding = 4; lastKnownFileType = sourcecode.swift; path = XTRCornerImageView.swift; sourceTree = "<group>"; };
		B87214C91CC0669E0021C8F5 /* XTRShadowView.swift */ = {isa = PBXFileReference; fileEncoding = 4; lastKnownFileType = sourcecode.swift; path = XTRShadowView.swift; sourceTree = "<group>"; };
		B87214CC1CC06E290021C8F5 /* XTRDividerLabel.swift */ = {isa = PBXFileReference; fileEncoding = 4; lastKnownFileType = sourcecode.swift; path = XTRDividerLabel.swift; sourceTree = "<group>"; };
		B87214CF1CC070B30021C8F5 /* XTRTableCell.swift */ = {isa = PBXFileReference; fileEncoding = 4; lastKnownFileType = sourcecode.swift; path = XTRTableCell.swift; sourceTree = "<group>"; };
		B87214D21CC07B330021C8F5 /* XTRTableHeaderButton.swift */ = {isa = PBXFileReference; fileEncoding = 4; lastKnownFileType = sourcecode.swift; path = XTRTableHeaderButton.swift; sourceTree = "<group>"; };
		B87214D81CC087590021C8F5 /* XTRGeneralButton.swift */ = {isa = PBXFileReference; fileEncoding = 4; lastKnownFileType = sourcecode.swift; path = XTRGeneralButton.swift; sourceTree = "<group>"; };
		B87214DB1CC088B30021C8F5 /* XTRHelpButton.swift */ = {isa = PBXFileReference; fileEncoding = 4; lastKnownFileType = sourcecode.swift; path = XTRHelpButton.swift; sourceTree = "<group>"; };
		B87214DE1CC10BC60021C8F5 /* XTRElementTableViewCell.swift */ = {isa = PBXFileReference; fileEncoding = 4; lastKnownFileType = sourcecode.swift; path = XTRElementTableViewCell.swift; sourceTree = "<group>"; };
		B8788CDE1CED2B8100D6BD5B /* XTRSimpleTransitionController.swift */ = {isa = PBXFileReference; fileEncoding = 4; lastKnownFileType = sourcecode.swift; path = XTRSimpleTransitionController.swift; sourceTree = "<group>"; };
		B8788CE31CED2EE900D6BD5B /* XTRPopoutAnimationController.swift */ = {isa = PBXFileReference; fileEncoding = 4; lastKnownFileType = sourcecode.swift; path = XTRPopoutAnimationController.swift; sourceTree = "<group>"; };
		B8788CE91CED379200D6BD5B /* XTRSlideDownAnimationController.swift */ = {isa = PBXFileReference; fileEncoding = 4; lastKnownFileType = sourcecode.swift; path = XTRSlideDownAnimationController.swift; sourceTree = "<group>"; };
		B881520C1CA9EFDD000FC7FA /* LaunchScreen.storyboard */ = {isa = PBXFileReference; fileEncoding = 4; lastKnownFileType = file.storyboard; path = LaunchScreen.storyboard; sourceTree = "<group>"; };
		B88152141CAAA685000FC7FA /* Images.xcassets */ = {isa = PBXFileReference; lastKnownFileType = folder.assetcatalog; name = Images.xcassets; path = ../Images.xcassets; sourceTree = "<group>"; };
		B891AFFC1CC42BF500345DBE /* XTRElementPropertiesViewController.swift */ = {isa = PBXFileReference; fileEncoding = 4; lastKnownFileType = sourcecode.swift; path = XTRElementPropertiesViewController.swift; sourceTree = "<group>"; };
		B891B0011CC4362F00345DBE /* XTRSpectrumViewController.swift */ = {isa = PBXFileReference; fileEncoding = 4; lastKnownFileType = sourcecode.swift; path = XTRSpectrumViewController.swift; sourceTree = "<group>"; };
		B89751421CC18B94005C76C3 /* XTRGraphChoiceViewController.swift */ = {isa = PBXFileReference; fileEncoding = 4; lastKnownFileType = sourcecode.swift; path = XTRGraphChoiceViewController.swift; sourceTree = "<group>"; };
		B89751461CC18DE1005C76C3 /* XTRPeriodicTableViewController.swift */ = {isa = PBXFileReference; fileEncoding = 4; lastKnownFileType = sourcecode.swift; path = XTRPeriodicTableViewController.swift; sourceTree = "<group>"; };
		B897514A1CC19B15005C76C3 /* XTRDataSource.swift */ = {isa = PBXFileReference; fileEncoding = 4; lastKnownFileType = sourcecode.swift; path = XTRDataSource.swift; sourceTree = "<group>"; };
		B897514D1CC1B791005C76C3 /* XTRAtomicStructureViewController.swift */ = {isa = PBXFileReference; fileEncoding = 4; lastKnownFileType = sourcecode.swift; path = XTRAtomicStructureViewController.swift; sourceTree = "<group>"; };
		B8A904D81F2B69DC00539517 /* Splash.storyboard */ = {isa = PBXFileReference; fileEncoding = 4; lastKnownFileType = file.storyboard; path = Splash.storyboard; sourceTree = "<group>"; };
		B8A904DB1F2B6BA700539517 /* NuclidesIsotopes.storyboard */ = {isa = PBXFileReference; fileEncoding = 4; lastKnownFileType = file.storyboard; path = NuclidesIsotopes.storyboard; sourceTree = "<group>"; };
		B8A904DE1F2B6BE000539517 /* Spectrum.storyboard */ = {isa = PBXFileReference; fileEncoding = 4; lastKnownFileType = file.storyboard; path = Spectrum.storyboard; sourceTree = "<group>"; };
		B8A904E11F2B6C1700539517 /* ElementProperties.storyboard */ = {isa = PBXFileReference; fileEncoding = 4; lastKnownFileType = file.storyboard; path = ElementProperties.storyboard; sourceTree = "<group>"; };
		B8A904E41F2B6C6C00539517 /* AtomicStructure.storyboard */ = {isa = PBXFileReference; fileEncoding = 4; lastKnownFileType = file.storyboard; path = AtomicStructure.storyboard; sourceTree = "<group>"; };
		B8A904E71F2B6CA900539517 /* GeneralInfo.storyboard */ = {isa = PBXFileReference; fileEncoding = 4; lastKnownFileType = file.storyboard; path = GeneralInfo.storyboard; sourceTree = "<group>"; };
		B8A904EA1F2B6D0100539517 /* HelpBalloon.storyboard */ = {isa = PBXFileReference; fileEncoding = 4; lastKnownFileType = file.storyboard; path = HelpBalloon.storyboard; sourceTree = "<group>"; };
		B8A904ED1F2B6D5200539517 /* GraphChoice.storyboard */ = {isa = PBXFileReference; fileEncoding = 4; lastKnownFileType = file.storyboard; path = GraphChoice.storyboard; sourceTree = "<group>"; };
		B8A904F01F2B6D7800539517 /* Info.storyboard */ = {isa = PBXFileReference; fileEncoding = 4; lastKnownFileType = file.storyboard; path = Info.storyboard; sourceTree = "<group>"; };
		B8A904F31F2B6DE200539517 /* Preferences.storyboard */ = {isa = PBXFileReference; fileEncoding = 4; lastKnownFileType = file.storyboard; path = Preferences.storyboard; sourceTree = "<group>"; };
		B8A904F61F2B6E3600539517 /* MolecularCalculator.storyboard */ = {isa = PBXFileReference; fileEncoding = 4; lastKnownFileType = file.storyboard; path = MolecularCalculator.storyboard; sourceTree = "<group>"; };
		B8A904F91F2B6E7B00539517 /* ElementInspector.storyboard */ = {isa = PBXFileReference; fileEncoding = 4; lastKnownFileType = file.storyboard; path = ElementInspector.storyboard; sourceTree = "<group>"; };
		B8A904FC1F2B6EC100539517 /* PeriodicTable.storyboard */ = {isa = PBXFileReference; fileEncoding = 4; lastKnownFileType = file.storyboard; path = PeriodicTable.storyboard; sourceTree = "<group>"; };
		B8A904FF1F2B6F5A00539517 /* ElementList.storyboard */ = {isa = PBXFileReference; fileEncoding = 4; lastKnownFileType = file.storyboard; path = ElementList.storyboard; sourceTree = "<group>"; };
		B8A905021F2B6FA100539517 /* Graph.storyboard */ = {isa = PBXFileReference; fileEncoding = 4; lastKnownFileType = file.storyboard; path = Graph.storyboard; sourceTree = "<group>"; };
		B8A905051F2B71FE00539517 /* ColorPicker.storyboard */ = {isa = PBXFileReference; fileEncoding = 4; lastKnownFileType = file.storyboard; path = ColorPicker.storyboard; sourceTree = "<group>"; };
		B8A905081F2B727D00539517 /* ElementBalloon.storyboard */ = {isa = PBXFileReference; fileEncoding = 4; lastKnownFileType = file.storyboard; path = ElementBalloon.storyboard; sourceTree = "<group>"; };
		B8A9050B1F2B72E600539517 /* Wikipedia.storyboard */ = {isa = PBXFileReference; fileEncoding = 4; lastKnownFileType = file.storyboard; path = Wikipedia.storyboard; sourceTree = "<group>"; };
		B8B186D81CC1C79600113993 /* XTRElementInspectorViewController.swift */ = {isa = PBXFileReference; fileEncoding = 4; lastKnownFileType = sourcecode.swift; path = XTRElementInspectorViewController.swift; sourceTree = "<group>"; };
		B8B186DB1CC1DC5800113993 /* XTRGeneralInfoViewController.swift */ = {isa = PBXFileReference; fileEncoding = 4; lastKnownFileType = sourcecode.swift; path = XTRGeneralInfoViewController.swift; sourceTree = "<group>"; };
		B8B5BF071CCA9CC700DF9668 /* XTRGraphViewController.swift */ = {isa = PBXFileReference; fileEncoding = 4; lastKnownFileType = sourcecode.swift; path = XTRGraphViewController.swift; sourceTree = "<group>"; };
		B8B900AB1EE8C11C003D66BD /* UIView+LayerFlattening.swift */ = {isa = PBXFileReference; lastKnownFileType = sourcecode.swift; path = "UIView+LayerFlattening.swift"; sourceTree = "<group>"; };
		B8C7C2011EFDD548000C112C /* CubicFace.scn */ = {isa = PBXFileReference; lastKnownFileType = file.bplist; path = CubicFace.scn; sourceTree = "<group>"; };
		B8C7C2021EFDD548000C112C /* Hexagonal.scn */ = {isa = PBXFileReference; lastKnownFileType = file.bplist; path = Hexagonal.scn; sourceTree = "<group>"; };
		B8C7C2031EFDD548000C112C /* Rhombohedral.scn */ = {isa = PBXFileReference; lastKnownFileType = file.bplist; path = Rhombohedral.scn; sourceTree = "<group>"; };
		B8C7C2041EFDD548000C112C /* Monoclinic.scn */ = {isa = PBXFileReference; lastKnownFileType = file.bplist; path = Monoclinic.scn; sourceTree = "<group>"; };
		B8C7C2051EFDD549000C112C /* Tetragonal.scn */ = {isa = PBXFileReference; lastKnownFileType = file.bplist; path = Tetragonal.scn; sourceTree = "<group>"; };
		B8C7C2061EFDD549000C112C /* Cubic.scn */ = {isa = PBXFileReference; lastKnownFileType = file.bplist; path = Cubic.scn; sourceTree = "<group>"; };
		B8C7C2071EFDD549000C112C /* Orthorhombic.scn */ = {isa = PBXFileReference; lastKnownFileType = file.bplist; path = Orthorhombic.scn; sourceTree = "<group>"; };
		B8C7C2081EFDD549000C112C /* CubicBody.scn */ = {isa = PBXFileReference; lastKnownFileType = file.bplist; path = CubicBody.scn; sourceTree = "<group>"; };
		B8C7C2091EFDD549000C112C /* Unknown.scn */ = {isa = PBXFileReference; lastKnownFileType = file.bplist; path = Unknown.scn; sourceTree = "<group>"; };
		B8C7C21E1EFDD70C000C112C /* PrimaMateria.scnassets */ = {isa = PBXFileReference; lastKnownFileType = wrapper.scnassets; path = PrimaMateria.scnassets; sourceTree = "<group>"; };
		B8E61C921EEB848E00F9504D /* XTRShellModelScene.swift */ = {isa = PBXFileReference; lastKnownFileType = sourcecode.swift; path = XTRShellModelScene.swift; sourceTree = "<group>"; };
		B8FA72AD1CCABD09000AB48B /* XTRPreferencesViewController.swift */ = {isa = PBXFileReference; fileEncoding = 4; lastKnownFileType = sourcecode.swift; path = XTRPreferencesViewController.swift; sourceTree = "<group>"; };
		B8FA72B31CCAE62D000AB48B /* XTRElement-Presentation.swift */ = {isa = PBXFileReference; fileEncoding = 4; lastKnownFileType = sourcecode.swift; path = "XTRElement-Presentation.swift"; sourceTree = "<group>"; };
		B8FA72B61CCB1BC6000AB48B /* UIImage-Extensions.swift */ = {isa = PBXFileReference; fileEncoding = 4; lastKnownFileType = sourcecode.swift; path = "UIImage-Extensions.swift"; sourceTree = "<group>"; };
		B8FA72B91CCB2699000AB48B /* UIColor-Extensions.swift */ = {isa = PBXFileReference; fileEncoding = 4; lastKnownFileType = sourcecode.swift; path = "UIColor-Extensions.swift"; sourceTree = "<group>"; };
		C5801BCFD644200C6736BD18 /* Pods-PrimaMateria Debug.debug.xcconfig */ = {isa = PBXFileReference; includeInIndex = 1; lastKnownFileType = text.xcconfig; name = "Pods-PrimaMateria Debug.debug.xcconfig"; path = "Pods/Target Support Files/Pods-PrimaMateria Debug/Pods-PrimaMateria Debug.debug.xcconfig"; sourceTree = "<group>"; };
		F934C7DC4D0E762D542645C8 /* Pods-PrimaMateria.release.xcconfig */ = {isa = PBXFileReference; includeInIndex = 1; lastKnownFileType = text.xcconfig; name = "Pods-PrimaMateria.release.xcconfig"; path = "Pods/Target Support Files/Pods-PrimaMateria/Pods-PrimaMateria.release.xcconfig"; sourceTree = "<group>"; };
/* End PBXFileReference section */

/* Begin PBXFrameworksBuildPhase section */
		97E3355F147A938A008147AD /* Frameworks */ = {
			isa = PBXFrameworksBuildPhase;
			buildActionMask = 2147483647;
			files = (
				B85290031ED4D4C100A19156 /* CorePlot.framework in Frameworks */,
				B80721451CB85FF8003233D1 /* Accelerate.framework in Frameworks */,
				C16709F16D2493BB17844582 /* Pods_PrimaMateria.framework in Frameworks */,
			);
			runOnlyForDeploymentPostprocessing = 0;
		};
		9B116A5820D6AC6B00175AF0 /* Frameworks */ = {
			isa = PBXFrameworksBuildPhase;
			buildActionMask = 2147483647;
			files = (
			);
			runOnlyForDeploymentPostprocessing = 0;
		};
/* End PBXFrameworksBuildPhase section */

/* Begin PBXGroup section */
		802165ED20DC64C20036A73C /* Delegates */ = {
			isa = PBXGroup;
			children = (
				802165EA20DC5F9B0036A73C /* XTRElementListViewControllerDelegate.swift */,
				80753FD120DC656700E8EE5C /* XTRGraphViewControllerDelegate.swift */,
				80753FDA20DC6EC400E8EE5C /* XTRHelpBalloonViewControllerDelegate.swift */,
				80753FE620DC78E200E8EE5C /* XTRInfoViewControllerDelegate.swift */,
				80753FE320DC742D00E8EE5C /* XTRMainViewControllerDelegate.swift */,
				80753FE020DC707900E8EE5C /* XTRNuclidesIsotopesViewControllerDelegate.swift */,
				80753FD720DC69CC00E8EE5C /* XTRSpectrumViewControllerDelegate.swift */,
				80753FD420DC67F800E8EE5C /* XTRWikipediaViewControllerDelegate.swift */,
			);
			path = Delegates;
			sourceTree = "<group>";
		};
		808127D720E0074D0066FB7C /* Appearance */ = {
			isa = PBXGroup;
			children = (
				80CB8BAC20DDAFCE00228CC7 /* XTRAppearanceManager.swift */,
				808127DC20E00C2B0066FB7C /* XTRAppearanceManagerClassic.swift */,
				808127DD20E00C2B0066FB7C /* XTRAppearanceManagerStandard.swift */,
				B82DA0541CC139D200BD2E41 /* XTRColorFactory.swift */,
				808127E020E00EF30066FB7C /* XTRColorFactoryClassic.swift */,
				808127E120E00EF40066FB7C /* XTRColorFactoryStandard.swift */,
				808127D820E007A00066FB7C /* XTRImageFactory.swift */,
			);
			path = Appearance;
			sourceTree = "<group>";
		};
		9738257D147AE3B600AEA344 /* Misc */ = {
			isa = PBXGroup;
			children = (
				B827CD431CC7FD3A00E74129 /* XTRAppDelegate.swift */,
				B827CD4B1CC80AA300E74129 /* XTRApplication.swift */,
				B897514A1CC19B15005C76C3 /* XTRDataSource.swift */,
				B827B6711CCD4CDD009629AF /* XTRDefines.swift */,
				B8FA72B31CCAE62D000AB48B /* XTRElement-Presentation.swift */,
				B82DA0571CC1471C00BD2E41 /* XTRElement.swift */,
				B827B66B1CCC5C8C009629AF /* XTRMolecularCalculator.swift */,
				B8788CE31CED2EE900D6BD5B /* XTRPopoutAnimationController.swift */,
				B82DA04F1CC12D8800BD2E41 /* XTRPropertiesStore.swift */,
				B8788CDE1CED2B8100D6BD5B /* XTRSimpleTransitionController.swift */,
				B8788CE91CED379200D6BD5B /* XTRSlideDownAnimationController.swift */,
			);
			path = Misc;
			sourceTree = "<group>";
		};
		9738259F147AEE6A00AEA344 /* Views */ = {
			isa = PBXGroup;
			children = (
				B87214C61CC063AA0021C8F5 /* XTRCornerImageView.swift */,
				B87214C91CC0669E0021C8F5 /* XTRShadowView.swift */,
			);
			path = Views;
			sourceTree = "<group>";
		};
		974C5659147BEA5100DDFC77 /* Controls */ = {
			isa = PBXGroup;
			children = (
				B87214A81CC0008B0021C8F5 /* XTRBarPlot.swift */,
				B87214CC1CC06E290021C8F5 /* XTRDividerLabel.swift */,
				B8528FFD1ED368CC00A19156 /* XTRElementButton.swift */,
				B87214DE1CC10BC60021C8F5 /* XTRElementTableViewCell.swift */,
				B87214D81CC087590021C8F5 /* XTRGeneralButton.swift */,
				B87214DB1CC088B30021C8F5 /* XTRHelpButton.swift */,
				B8E61C921EEB848E00F9504D /* XTRShellModelScene.swift */,
				B87214CF1CC070B30021C8F5 /* XTRTableCell.swift */,
				B87214D21CC07B330021C8F5 /* XTRTableHeaderButton.swift */,
				B87214AD1CC019860021C8F5 /* XTRTableLabel.swift */,
			);
			path = Controls;
			sourceTree = "<group>";
		};
		974C5672147BEFA400DDFC77 /* 3rd Party */ = {
			isa = PBXGroup;
			children = (
				971B187A14855B5800333B91 /* MBProgressHUD.h */,
				971B187B14855B5800333B91 /* MBProgressHUD.m */,
			);
			name = "3rd Party";
			path = 3rd_Party;
			sourceTree = "<group>";
		};
		974C5673147BF07600DDFC77 /* Misc */ = {
			isa = PBXGroup;
			children = (
				974C5674147BF0C300DDFC77 /* Credits.rtf */,
				974C5676147BF0C300DDFC77 /* LoadFailure.html */,
				97E3356E147A938A008147AD /* PrimaMateria-Info.plist */,
				97E3365C147AAE5D008147AD /* PrimaMateria.entitlements */,
				97E33604147AA7C7008147AD /* PrimaMateria.plist */,
				97E33667147AB701008147AD /* Settings.bundle */,
			);
			name = Misc;
			sourceTree = "<group>";
		};
		97E33557147A9389008147AD = {
			isa = PBXGroup;
			children = (
				97E3356C147A938A008147AD /* PrimaMateria */,
				9B116A4320D6A89C00175AF0 /* PrimaMateriaTests */,
				97E33565147A938A008147AD /* Frameworks */,
				97E33563147A938A008147AD /* Products */,
				F226F17A8FDCF03E960D5971 /* Pods */,
			);
			sourceTree = "<group>";
		};
		97E33563147A938A008147AD /* Products */ = {
			isa = PBXGroup;
			children = (
				97E33562147A938A008147AD /* PrimaMateria.app */,
				9B116A5B20D6AC6B00175AF0 /* PrimaMateriaTests.xctest */,
			);
			name = Products;
			sourceTree = "<group>";
		};
		97E33565147A938A008147AD /* Frameworks */ = {
			isa = PBXGroup;
			children = (
				B85290021ED4D4C100A19156 /* CorePlot.framework */,
				B826ED20191D59EF0038C532 /* Accelerate.framework */,
				B807213E1CB85DF2003233D1 /* Foundation.framework */,
				B80721411CB85FA7003233D1 /* UIKit.framework */,
				A77AFCF0EBE19D366BC39610 /* Pods_PrimaMateria.framework */,
				756B61F8C4D1980652AEE84A /* Pods_PrimaMateria_Debug.framework */,
			);
			name = Frameworks;
			sourceTree = "<group>";
		};
		97E3356C147A938A008147AD /* PrimaMateria */ = {
			isa = PBXGroup;
			children = (
				97E3358E147A9467008147AD /* Classes */,
				97E33666147AB338008147AD /* Other Sources */,
				97E3359A147A9486008147AD /* Resources */,
			);
			path = PrimaMateria;
			sourceTree = "<group>";
		};
		97E3358E147A9467008147AD /* Classes */ = {
			isa = PBXGroup;
			children = (
				808127D720E0074D0066FB7C /* Appearance */,
				974C5672147BEFA400DDFC77 /* 3rd Party */,
				974C5659147BEA5100DDFC77 /* Controls */,
				802165ED20DC64C20036A73C /* Delegates */,
				B85290001ED369AF00A19156 /* Extensions */,
				9738257D147AE3B600AEA344 /* Misc */,
				97E335AA147A996A008147AD /* View Controllers */,
				9738259F147AEE6A00AEA344 /* Views */,
			);
			path = Classes;
			sourceTree = "<group>";
		};
		97E3359A147A9486008147AD /* Resources */ = {
			isa = PBXGroup;
			children = (
				974C567A147BF0E000DDFC77 /* ElementTipHelp */,
				9746B1E81492503600A0DC96 /* PrimaMateriaHelp */,
				974C567C147BF0E000DDFC77 /* SupportingFiles */,
				B8C7C21E1EFDD70C000C112C /* PrimaMateria.scnassets */,
				B88152141CAAA685000FC7FA /* Images.xcassets */,
				B8C7C21F1EFDD71E000C112C /* Interfaces */,
				974C5673147BF07600DDFC77 /* Misc */,
				B8C7C2001EFDD4F5000C112C /* Scenes */,
			);
			path = Resources;
			sourceTree = "<group>";
		};
		97E335AA147A996A008147AD /* View Controllers */ = {
			isa = PBXGroup;
			children = (
				B897514D1CC1B791005C76C3 /* XTRAtomicStructureViewController.swift */,
				B87214C31CC051D60021C8F5 /* XTRColorPickerViewController.swift */,
				B82DA05D1CC16B9F00BD2E41 /* XTRElementBalloonViewController.swift */,
				B8B186D81CC1C79600113993 /* XTRElementInspectorViewController.swift */,
				B82DA0601CC16FBF00BD2E41 /* XTRElementListViewController.swift */,
				B891AFFC1CC42BF500345DBE /* XTRElementPropertiesViewController.swift */,
				B8B186DB1CC1DC5800113993 /* XTRGeneralInfoViewController.swift */,
				B89751421CC18B94005C76C3 /* XTRGraphChoiceViewController.swift */,
				B8B5BF071CCA9CC700DF9668 /* XTRGraphViewController.swift */,
				B82DA05A1CC164F700BD2E41 /* XTRHelpBalloonViewController.swift */,
				B87214B61CC02BE40021C8F5 /* XTRInfoViewController.swift */,
				B82DA0631CC17D9200BD2E41 /* XTRMainViewController.swift */,
				B827B66E1CCD34DF009629AF /* XTRMolecularCalculatorViewController.swift */,
				B85CC45C1CC7C674005683F3 /* XTRNuclidesIsotopesViewController.swift */,
				B89751461CC18DE1005C76C3 /* XTRPeriodicTableViewController.swift */,
				B8FA72AD1CCABD09000AB48B /* XTRPreferencesViewController.swift */,
				B891B0011CC4362F00345DBE /* XTRSpectrumViewController.swift */,
				B87214B31CC023BC0021C8F5 /* XTRSplashViewController.swift */,
				B827CD4E1CC81A5200E74129 /* XTRSwapableViewController.swift */,
				B87214C01CC0417B0021C8F5 /* XTRWikipediaViewController.swift */,
			);
			name = "View Controllers";
			path = View_Controllers;
			sourceTree = "<group>";
		};
		97E33666147AB338008147AD /* Other Sources */ = {
			isa = PBXGroup;
			children = (
				97E33661147AB045008147AD /* PrimaMateria.h */,
				B87214A61CC0008B0021C8F5 /* PrimaMateria-Bridging-Header.h */,
				97E33574147A938A008147AD /* PrimaMateria-Prefix.pch */,
				B827CD481CC8019E00E74129 /* main.swift */,
			);
			name = "Other Sources";
			path = "Classes/Other Sources";
			sourceTree = "<group>";
		};
		9B116A4320D6A89C00175AF0 /* PrimaMateriaTests */ = {
			isa = PBXGroup;
			children = (
				9B116A4420D6A89C00175AF0 /* PrimaMateriaTests.swift */,
				9B116A4620D6A89C00175AF0 /* Info.plist */,
			);
			path = PrimaMateriaTests;
			sourceTree = "<group>";
		};
		B85290001ED369AF00A19156 /* Extensions */ = {
			isa = PBXGroup;
			children = (
				084EEBBA20D83D4700C6B81D /* Bundle+Extensions.swift */,
				B8528FEB1ED35AC100A19156 /* NSObject+General.swift */,
				B8FA72B91CCB2699000AB48B /* UIColor-Extensions.swift */,
				B8FA72B61CCB1BC6000AB48B /* UIImage-Extensions.swift */,
				B8B900AB1EE8C11C003D66BD /* UIView+LayerFlattening.swift */,
			);
			path = Extensions;
			sourceTree = "<group>";
		};
		B8C7C2001EFDD4F5000C112C /* Scenes */ = {
			isa = PBXGroup;
			children = (
				B8C7C2061EFDD549000C112C /* Cubic.scn */,
				B8C7C2081EFDD549000C112C /* CubicBody.scn */,
				B8C7C2011EFDD548000C112C /* CubicFace.scn */,
				B8C7C2021EFDD548000C112C /* Hexagonal.scn */,
				B8C7C2041EFDD548000C112C /* Monoclinic.scn */,
				B8C7C2071EFDD549000C112C /* Orthorhombic.scn */,
				B8C7C2031EFDD548000C112C /* Rhombohedral.scn */,
				B8C7C2051EFDD549000C112C /* Tetragonal.scn */,
				B8C7C2091EFDD549000C112C /* Unknown.scn */,
			);
			path = Scenes;
			sourceTree = "<group>";
		};
		B8C7C21F1EFDD71E000C112C /* Interfaces */ = {
			isa = PBXGroup;
			children = (
				B8A904E41F2B6C6C00539517 /* AtomicStructure.storyboard */,
				B8A905051F2B71FE00539517 /* ColorPicker.storyboard */,
				B8A905081F2B727D00539517 /* ElementBalloon.storyboard */,
				B8A904F91F2B6E7B00539517 /* ElementInspector.storyboard */,
				B8A904FF1F2B6F5A00539517 /* ElementList.storyboard */,
				B8A904E11F2B6C1700539517 /* ElementProperties.storyboard */,
				B8A904E71F2B6CA900539517 /* GeneralInfo.storyboard */,
				B8A905021F2B6FA100539517 /* Graph.storyboard */,
				B8A904ED1F2B6D5200539517 /* GraphChoice.storyboard */,
				B8A904EA1F2B6D0100539517 /* HelpBalloon.storyboard */,
				B8A904F01F2B6D7800539517 /* Info.storyboard */,
				B881520C1CA9EFDD000FC7FA /* LaunchScreen.storyboard */,
				9744F9E21487C3BF006FD9B2 /* MainStoryboard.storyboard */,
				B8A904F61F2B6E3600539517 /* MolecularCalculator.storyboard */,
				B8A904DB1F2B6BA700539517 /* NuclidesIsotopes.storyboard */,
				B8A904FC1F2B6EC100539517 /* PeriodicTable.storyboard */,
				B8A904F31F2B6DE200539517 /* Preferences.storyboard */,
				B8A904DE1F2B6BE000539517 /* Spectrum.storyboard */,
				B8A904D81F2B69DC00539517 /* Splash.storyboard */,
				B8A9050B1F2B72E600539517 /* Wikipedia.storyboard */,
			);
			path = Interfaces;
			sourceTree = "<group>";
		};
		F226F17A8FDCF03E960D5971 /* Pods */ = {
			isa = PBXGroup;
			children = (
				667BA4B8E6AB4A94BB6FAFD6 /* Pods-PrimaMateria.debug.xcconfig */,
				F934C7DC4D0E762D542645C8 /* Pods-PrimaMateria.release.xcconfig */,
				C5801BCFD644200C6736BD18 /* Pods-PrimaMateria Debug.debug.xcconfig */,
				1636C915595A793AA6D6ACC8 /* Pods-PrimaMateria Debug.release.xcconfig */,
			);
			name = Pods;
			sourceTree = "<group>";
		};
/* End PBXGroup section */

/* Begin PBXNativeTarget section */
		97E33561147A938A008147AD /* PrimaMateria */ = {
			isa = PBXNativeTarget;
			buildConfigurationList = 97E3358B147A938A008147AD /* Build configuration list for PBXNativeTarget "PrimaMateria" */;
			buildPhases = (
				32A9F47396090100FBB7A748 /* [CP] Check Pods Manifest.lock */,
				97E3355E147A938A008147AD /* Sources */,
				97E3355F147A938A008147AD /* Frameworks */,
				97E33560147A938A008147AD /* Resources */,
				6A2A5CE38BDE6920EC12D848 /* [CP] Embed Pods Frameworks */,
			);
			buildRules = (
			);
			dependencies = (
			);
			name = PrimaMateria;
			productName = PrimaMateria;
			productReference = 97E33562147A938A008147AD /* PrimaMateria.app */;
			productType = "com.apple.product-type.application";
		};
		9B116A5A20D6AC6B00175AF0 /* PrimaMateriaTests */ = {
			isa = PBXNativeTarget;
			buildConfigurationList = 9B116A6220D6AC6B00175AF0 /* Build configuration list for PBXNativeTarget "PrimaMateriaTests" */;
			buildPhases = (
				9B116A5720D6AC6B00175AF0 /* Sources */,
				9B116A5820D6AC6B00175AF0 /* Frameworks */,
				9B116A5920D6AC6B00175AF0 /* Resources */,
			);
			buildRules = (
			);
			dependencies = (
			);
			name = PrimaMateriaTests;
			productName = PrimaMateriaTests;
			productReference = 9B116A5B20D6AC6B00175AF0 /* PrimaMateriaTests.xctest */;
			productType = "com.apple.product-type.bundle.unit-test";
		};
/* End PBXNativeTarget section */

/* Begin PBXProject section */
		97E33559147A9389008147AD /* Project object */ = {
			isa = PBXProject;
			attributes = {
				CLASSPREFIX = XTR;
				LastSwiftMigration = 0720;
				LastSwiftUpdateCheck = 0940;
				LastUpgradeCheck = 0940;
				ORGANIZATIONNAME = xTrensa;
				TargetAttributes = {
					97E33561147A938A008147AD = {
						DevelopmentTeamName = "Gulfstream Aerospace Corporation (Ent)";
						LastSwiftMigration = 0900;
						ProvisioningStyle = Automatic;
					};
					9B116A5A20D6AC6B00175AF0 = {
						CreatedOnToolsVersion = 9.4;
						ProvisioningStyle = Automatic;
						TestTargetID = B899261C1CAAEBAD00E09063;
					};
				};
			};
			buildConfigurationList = 97E3355C147A9389008147AD /* Build configuration list for PBXProject "PrimaMateria" */;
			compatibilityVersion = "Xcode 8.0";
			developmentRegion = English;
			hasScannedForEncodings = 0;
			knownRegions = (
				en,
			);
			mainGroup = 97E33557147A9389008147AD;
			productRefGroup = 97E33563147A938A008147AD /* Products */;
			projectDirPath = "";
			projectRoot = "";
			targets = (
				97E33561147A938A008147AD /* PrimaMateria */,
				9B116A5A20D6AC6B00175AF0 /* PrimaMateriaTests */,
			);
		};
/* End PBXProject section */

/* Begin PBXResourcesBuildPhase section */
		97E33560147A938A008147AD /* Resources */ = {
			isa = PBXResourcesBuildPhase;
			buildActionMask = 2147483647;
			files = (
				B8A904E21F2B6C1700539517 /* ElementProperties.storyboard in Resources */,
				B8A905061F2B71FE00539517 /* ColorPicker.storyboard in Resources */,
				B8C7C20A1EFDD609000C112C /* Cubic.scn in Resources */,
				B8C7C20F1EFDD609000C112C /* Orthorhombic.scn in Resources */,
				97E33605147AA7C7008147AD /* PrimaMateria.plist in Resources */,
				97E33668147AB701008147AD /* Settings.bundle in Resources */,
				B8C7C2201EFDDBC1000C112C /* PrimaMateria.scnassets in Resources */,
				B8C7C2121EFDD609000C112C /* Unknown.scn in Resources */,
				B8A904FA1F2B6E7B00539517 /* ElementInspector.storyboard in Resources */,
				B8C7C2101EFDD609000C112C /* Rhombohedral.scn in Resources */,
				B8A904FD1F2B6EC100539517 /* PeriodicTable.storyboard in Resources */,
				B8C7C20D1EFDD609000C112C /* Hexagonal.scn in Resources */,
				B8C7C20C1EFDD609000C112C /* CubicFace.scn in Resources */,
				B881520D1CA9EFDD000FC7FA /* LaunchScreen.storyboard in Resources */,
				B88152151CAAA685000FC7FA /* Images.xcassets in Resources */,
				B8A905031F2B6FA100539517 /* Graph.storyboard in Resources */,
				B8A9050C1F2B72E600539517 /* Wikipedia.storyboard in Resources */,
				974C5677147BF0C300DDFC77 /* Credits.rtf in Resources */,
				B8A904EE1F2B6D5200539517 /* GraphChoice.storyboard in Resources */,
				B8A904DC1F2B6BA700539517 /* NuclidesIsotopes.storyboard in Resources */,
				974C5679147BF0C300DDFC77 /* LoadFailure.html in Resources */,
				B8A904DF1F2B6BE000539517 /* Spectrum.storyboard in Resources */,
				B8C7C2111EFDD609000C112C /* Tetragonal.scn in Resources */,
				B8C7C20B1EFDD609000C112C /* CubicBody.scn in Resources */,
				B8A905001F2B6F5A00539517 /* ElementList.storyboard in Resources */,
				974C567D147BF0E000DDFC77 /* ElementTipHelp in Resources */,
				B8A904F41F2B6DE200539517 /* Preferences.storyboard in Resources */,
				B8A905091F2B727D00539517 /* ElementBalloon.storyboard in Resources */,
				B8A904E81F2B6CA900539517 /* GeneralInfo.storyboard in Resources */,
				974C567F147BF0E000DDFC77 /* SupportingFiles in Resources */,
				B8C7C20E1EFDD609000C112C /* Monoclinic.scn in Resources */,
				B8A904F11F2B6D7800539517 /* Info.storyboard in Resources */,
				B8A904E51F2B6C6C00539517 /* AtomicStructure.storyboard in Resources */,
				9744F9E31487C3BF006FD9B2 /* MainStoryboard.storyboard in Resources */,
				B8A904EB1F2B6D0100539517 /* HelpBalloon.storyboard in Resources */,
				B8A904F71F2B6E3600539517 /* MolecularCalculator.storyboard in Resources */,
				9746B1E91492503600A0DC96 /* PrimaMateriaHelp in Resources */,
				B8A904D91F2B69DC00539517 /* Splash.storyboard in Resources */,
			);
			runOnlyForDeploymentPostprocessing = 0;
		};
		9B116A5920D6AC6B00175AF0 /* Resources */ = {
			isa = PBXResourcesBuildPhase;
			buildActionMask = 2147483647;
			files = (
			);
			runOnlyForDeploymentPostprocessing = 0;
		};
/* End PBXResourcesBuildPhase section */

/* Begin PBXShellScriptBuildPhase section */
		32A9F47396090100FBB7A748 /* [CP] Check Pods Manifest.lock */ = {
			isa = PBXShellScriptBuildPhase;
			buildActionMask = 2147483647;
			files = (
			);
			inputPaths = (
				"${PODS_PODFILE_DIR_PATH}/Podfile.lock",
				"${PODS_ROOT}/Manifest.lock",
			);
			name = "[CP] Check Pods Manifest.lock";
			outputPaths = (
				"$(DERIVED_FILE_DIR)/Pods-PrimaMateria-checkManifestLockResult.txt",
			);
			runOnlyForDeploymentPostprocessing = 0;
			shellPath = /bin/sh;
			shellScript = "diff \"${PODS_PODFILE_DIR_PATH}/Podfile.lock\" \"${PODS_ROOT}/Manifest.lock\" > /dev/null\nif [ $? != 0 ] ; then\n    # print error to STDERR\n    echo \"error: The sandbox is not in sync with the Podfile.lock. Run 'pod install' or update your CocoaPods installation.\" >&2\n    exit 1\nfi\n# This output is used by Xcode 'outputs' to avoid re-running this script phase.\necho \"SUCCESS\" > \"${SCRIPT_OUTPUT_FILE_0}\"\n";
			showEnvVarsInLog = 0;
		};
		6A2A5CE38BDE6920EC12D848 /* [CP] Embed Pods Frameworks */ = {
			isa = PBXShellScriptBuildPhase;
			buildActionMask = 2147483647;
			files = (
			);
			inputPaths = (
				"${SRCROOT}/Pods/Target Support Files/Pods-PrimaMateria/Pods-PrimaMateria-frameworks.sh",
				"${BUILT_PRODUCTS_DIR}/CorePlot/CorePlot.framework",
				"${BUILT_PRODUCTS_DIR}/RxCocoa/RxCocoa.framework",
				"${BUILT_PRODUCTS_DIR}/RxSwift/RxSwift.framework",
			);
			name = "[CP] Embed Pods Frameworks";
			outputPaths = (
				"${TARGET_BUILD_DIR}/${FRAMEWORKS_FOLDER_PATH}/CorePlot.framework",
				"${TARGET_BUILD_DIR}/${FRAMEWORKS_FOLDER_PATH}/RxCocoa.framework",
				"${TARGET_BUILD_DIR}/${FRAMEWORKS_FOLDER_PATH}/RxSwift.framework",
			);
			runOnlyForDeploymentPostprocessing = 0;
			shellPath = /bin/sh;
			shellScript = "\"${SRCROOT}/Pods/Target Support Files/Pods-PrimaMateria/Pods-PrimaMateria-frameworks.sh\"\n";
			showEnvVarsInLog = 0;
		};
/* End PBXShellScriptBuildPhase section */

/* Begin PBXSourcesBuildPhase section */
		97E3355E147A938A008147AD /* Sources */ = {
			isa = PBXSourcesBuildPhase;
			buildActionMask = 2147483647;
			files = (
				B8FA72AE1CCABD09000AB48B /* XTRPreferencesViewController.swift in Sources */,
				B87214DC1CC088B30021C8F5 /* XTRHelpButton.swift in Sources */,
				B827B66F1CCD34DF009629AF /* XTRMolecularCalculatorViewController.swift in Sources */,
				084EEBBB20D83D4700C6B81D /* Bundle+Extensions.swift in Sources */,
				B82DA0611CC16FBF00BD2E41 /* XTRElementListViewController.swift in Sources */,
				B87214C41CC051D60021C8F5 /* XTRColorPickerViewController.swift in Sources */,
				B897514E1CC1B791005C76C3 /* XTRAtomicStructureViewController.swift in Sources */,
				B87214C71CC063AA0021C8F5 /* XTRCornerImageView.swift in Sources */,
				B897514B1CC19B15005C76C3 /* XTRDataSource.swift in Sources */,
				B8B186D91CC1C79600113993 /* XTRElementInspectorViewController.swift in Sources */,
				B82DA05E1CC16B9F00BD2E41 /* XTRElementBalloonViewController.swift in Sources */,
				B82DA0501CC12D8800BD2E41 /* XTRPropertiesStore.swift in Sources */,
				B87214AE1CC019860021C8F5 /* XTRTableLabel.swift in Sources */,
				80753FD820DC69CC00E8EE5C /* XTRSpectrumViewControllerDelegate.swift in Sources */,
				B827CD491CC8019E00E74129 /* main.swift in Sources */,
				80753FDB20DC6EC400E8EE5C /* XTRHelpBalloonViewControllerDelegate.swift in Sources */,
				808127DE20E00C2C0066FB7C /* XTRAppearanceManagerClassic.swift in Sources */,
				B87214C11CC0417B0021C8F5 /* XTRWikipediaViewController.swift in Sources */,
				B87214DF1CC10BC60021C8F5 /* XTRElementTableViewCell.swift in Sources */,
				B8528FFE1ED368CC00A19156 /* XTRElementButton.swift in Sources */,
				B8B186DC1CC1DC5800113993 /* XTRGeneralInfoViewController.swift in Sources */,
				B87214B71CC02BE40021C8F5 /* XTRInfoViewController.swift in Sources */,
				B8B5BF081CCA9CC700DF9668 /* XTRGraphViewController.swift in Sources */,
				B8FA72B71CCB1BC6000AB48B /* UIImage-Extensions.swift in Sources */,
				B8788CE41CED2EE900D6BD5B /* XTRPopoutAnimationController.swift in Sources */,
				B8FA72B41CCAE62D000AB48B /* XTRElement-Presentation.swift in Sources */,
				B827CD441CC7FD3A00E74129 /* XTRAppDelegate.swift in Sources */,
				B8788CEA1CED379200D6BD5B /* XTRSlideDownAnimationController.swift in Sources */,
				B827B66C1CCC5C8C009629AF /* XTRMolecularCalculator.swift in Sources */,
				B891B0021CC4362F00345DBE /* XTRSpectrumViewController.swift in Sources */,
				B87214D01CC070B30021C8F5 /* XTRTableCell.swift in Sources */,
				B8FA72BA1CCB2699000AB48B /* UIColor-Extensions.swift in Sources */,
				80753FE120DC707900E8EE5C /* XTRNuclidesIsotopesViewControllerDelegate.swift in Sources */,
				B8788CDF1CED2B8100D6BD5B /* XTRSimpleTransitionController.swift in Sources */,
				B8528FEC1ED35AC100A19156 /* NSObject+General.swift in Sources */,
				B827CD4F1CC81A5200E74129 /* XTRSwapableViewController.swift in Sources */,
				B87214B41CC023BC0021C8F5 /* XTRSplashViewController.swift in Sources */,
				80753FE720DC78E200E8EE5C /* XTRInfoViewControllerDelegate.swift in Sources */,
				B82DA05B1CC164F700BD2E41 /* XTRHelpBalloonViewController.swift in Sources */,
				B89751431CC18B94005C76C3 /* XTRGraphChoiceViewController.swift in Sources */,
				B87214D91CC087590021C8F5 /* XTRGeneralButton.swift in Sources */,
				B827CD4C1CC80AA300E74129 /* XTRApplication.swift in Sources */,
				B87214CA1CC0669E0021C8F5 /* XTRShadowView.swift in Sources */,
				B82DA0551CC139D200BD2E41 /* XTRColorFactory.swift in Sources */,
				B89751471CC18DE1005C76C3 /* XTRPeriodicTableViewController.swift in Sources */,
				B87214D31CC07B330021C8F5 /* XTRTableHeaderButton.swift in Sources */,
				B891AFFD1CC42BF500345DBE /* XTRElementPropertiesViewController.swift in Sources */,
				80753FE420DC742D00E8EE5C /* XTRMainViewControllerDelegate.swift in Sources */,
				B8E61C931EEB850400F9504D /* XTRShellModelScene.swift in Sources */,
				808127E220E00EF40066FB7C /* XTRColorFactoryClassic.swift in Sources */,
				B82DA0581CC1471C00BD2E41 /* XTRElement.swift in Sources */,
				808127D920E007A00066FB7C /* XTRImageFactory.swift in Sources */,
				971B187C14855B5800333B91 /* MBProgressHUD.m in Sources */,
				808127DF20E00C2C0066FB7C /* XTRAppearanceManagerStandard.swift in Sources */,
				B85CC45D1CC7C674005683F3 /* XTRNuclidesIsotopesViewController.swift in Sources */,
				B82DA0641CC17D9200BD2E41 /* XTRMainViewController.swift in Sources */,
				B827B6721CCD4CDD009629AF /* XTRDefines.swift in Sources */,
				802165EB20DC5F9B0036A73C /* XTRElementListViewControllerDelegate.swift in Sources */,
				80753FD220DC656700E8EE5C /* XTRGraphViewControllerDelegate.swift in Sources */,
				B87214CD1CC06E290021C8F5 /* XTRDividerLabel.swift in Sources */,
				B87214A91CC0008B0021C8F5 /* XTRBarPlot.swift in Sources */,
				808127E320E00EF40066FB7C /* XTRColorFactoryStandard.swift in Sources */,
				80753FD520DC67F800E8EE5C /* XTRWikipediaViewControllerDelegate.swift in Sources */,
				80CB8BAD20DDAFCE00228CC7 /* XTRAppearanceManager.swift in Sources */,
			);
			runOnlyForDeploymentPostprocessing = 0;
		};
		9B116A5720D6AC6B00175AF0 /* Sources */ = {
			isa = PBXSourcesBuildPhase;
			buildActionMask = 2147483647;
			files = (
				8085C31D20E018FE0004A16A /* XTRAppearanceManagerClassic.swift in Sources */,
				8085C32220E0190E0004A16A /* XTRImageFactory.swift in Sources */,
				9B5388A620D85FFA004ED7AD /* XTRMolecularCalculator.swift in Sources */,
				8085C32020E019080004A16A /* XTRColorFactoryClassic.swift in Sources */,
				9B5388AB20D86222004ED7AD /* XTRElement-Presentation.swift in Sources */,
				8085C32120E0190B0004A16A /* XTRColorFactoryStandard.swift in Sources */,
				9B5388AD20D86281004ED7AD /* XTRShellModelScene.swift in Sources */,
				80769E6920DD472D00DB4FC6 /* XTRMainViewControllerDelegate.swift in Sources */,
				9B5388AF20D864E5004ED7AD /* XTRMainViewController.swift in Sources */,
				9B5388B420D86576004ED7AD /* XTRAppDelegate.swift in Sources */,
				9B116A6520D6ADCF00175AF0 /* PrimaMateriaTests.swift in Sources */,
				9B5388AA20D86203004ED7AD /* NSObject+General.swift in Sources */,
				9B5388B320D8655F004ED7AD /* Bundle+Extensions.swift in Sources */,
				9B5388B220D86543004ED7AD /* XTRSimpleTransitionController.swift in Sources */,
				8085C31C20E018FB0004A16A /* XTRAppearanceManager.swift in Sources */,
				9B5388A820D8619E004ED7AD /* XTRElement.swift in Sources */,
				9B5388AE20D862A5004ED7AD /* XTRPropertiesStore.swift in Sources */,
				9B5388A920D861B1004ED7AD /* XTRDefines.swift in Sources */,
				9B5388B120D8652D004ED7AD /* XTRSplashViewController.swift in Sources */,
				9B5388B020D8651D004ED7AD /* UIImage-Extensions.swift in Sources */,
				8085C31F20E019050004A16A /* XTRColorFactory.swift in Sources */,
				9B116A6620D6AE3600175AF0 /* UIColor-Extensions.swift in Sources */,
				9B5388A720D86185004ED7AD /* XTRDataSource.swift in Sources */,
				8085C31E20E019010004A16A /* XTRAppearanceManagerStandard.swift in Sources */,
			);
			runOnlyForDeploymentPostprocessing = 0;
		};
/* End PBXSourcesBuildPhase section */

/* Begin XCBuildConfiguration section */
		97E33589147A938A008147AD /* Debug */ = {
			isa = XCBuildConfiguration;
			buildSettings = {
				ALWAYS_SEARCH_USER_PATHS = NO;
				CLANG_ALLOW_NON_MODULAR_INCLUDES_IN_FRAMEWORK_MODULES = YES;
				CLANG_ENABLE_MODULES = YES;
				CLANG_ENABLE_OBJC_ARC = YES;
				CLANG_WARN_BLOCK_CAPTURE_AUTORELEASING = YES;
				CLANG_WARN_BOOL_CONVERSION = NO;
				CLANG_WARN_COMMA = YES;
				CLANG_WARN_CONSTANT_CONVERSION = NO;
				CLANG_WARN_DEPRECATED_OBJC_IMPLEMENTATIONS = YES;
				CLANG_WARN_DOCUMENTATION_COMMENTS = YES;
				CLANG_WARN_EMPTY_BODY = YES;
				CLANG_WARN_ENUM_CONVERSION = YES;
				CLANG_WARN_INFINITE_RECURSION = YES;
				CLANG_WARN_INT_CONVERSION = NO;
				CLANG_WARN_NON_LITERAL_NULL_CONVERSION = YES;
				CLANG_WARN_OBJC_IMPLICIT_RETAIN_SELF = YES;
				CLANG_WARN_OBJC_LITERAL_CONVERSION = YES;
				CLANG_WARN_RANGE_LOOP_ANALYSIS = YES;
				CLANG_WARN_STRICT_PROTOTYPES = YES;
				CLANG_WARN_SUSPICIOUS_MOVE = YES;
				CLANG_WARN_UNREACHABLE_CODE = YES;
				CLANG_WARN__DUPLICATE_METHOD_MATCH = YES;
				CODE_SIGN_IDENTITY = "";
				"CODE_SIGN_IDENTITY[sdk=iphoneos*]" = "";
				COPY_PHASE_STRIP = YES;
				CORE_PLOT = CorePlot_0.9;
				DEFINES_MODULE = YES;
				ENABLE_STRICT_OBJC_MSGSEND = YES;
				ENABLE_TESTABILITY = YES;
				FRAMEWORK_SEARCH_PATHS = "";
				GCC_C_LANGUAGE_STANDARD = gnu99;
				GCC_DYNAMIC_NO_PIC = NO;
				GCC_INCREASE_PRECOMPILED_HEADER_SHARING = YES;
				GCC_NO_COMMON_BLOCKS = YES;
				GCC_OPTIMIZATION_LEVEL = 0;
				GCC_PRECOMPILE_PREFIX_HEADER = YES;
				GCC_PREPROCESSOR_DEFINITIONS = (
					"DEBUG=1",
					"$(inherited)",
				);
				GCC_SYMBOLS_PRIVATE_EXTERN = NO;
				GCC_TREAT_WARNINGS_AS_ERRORS = NO;
				GCC_VERSION = com.apple.compilers.llvm.clang.1_0;
				GCC_WARN_64_TO_32_BIT_CONVERSION = NO;
				GCC_WARN_ABOUT_DEPRECATED_FUNCTIONS = YES;
				GCC_WARN_ABOUT_MISSING_NEWLINE = YES;
				GCC_WARN_ABOUT_MISSING_PROTOTYPES = YES;
				GCC_WARN_ABOUT_RETURN_TYPE = YES;
				GCC_WARN_INITIALIZER_NOT_FULLY_BRACKETED = YES;
				GCC_WARN_SHADOW = NO;
				GCC_WARN_UNDECLARED_SELECTOR = YES;
				GCC_WARN_UNINITIALIZED_AUTOS = YES;
				GCC_WARN_UNUSED_FUNCTION = YES;
				GCC_WARN_UNUSED_PARAMETER = NO;
				GCC_WARN_UNUSED_VARIABLE = YES;
				HEADER_SEARCH_PATHS = "";
				IPHONEOS_DEPLOYMENT_TARGET = 11.3;
				OBJROOT = "$(HOME)/Developer/Objects";
				ONLY_ACTIVE_ARCH = YES;
				OTHER_CFLAGS = (
					"-iquote",
					"\"$PODS_CONFIGURATION_BUILD_DIR/CorePlot/CorePlot.framework/Headers\"",
				);
				OTHER_LDFLAGS = "-ObjC";
				PRODUCT_MODULE_NAME = "$(PRODUCT_NAME:c99extidentifier)";
				PROVISIONING_PROFILE = "";
				"PROVISIONING_PROFILE[sdk=iphoneos*]" = "";
				SDKROOT = iphoneos;
				SWIFT_OBJC_BRIDGING_HEADER = "PrimaMateria/Classes/Other Sources/PrimaMateria-Bridging-Header.h";
				SWIFT_SWIFT3_OBJC_INFERENCE = Default;
				SWIFT_VERSION = 2.3;
				SYMROOT = "$(HOME)/Developer/Build";
				TARGETED_DEVICE_FAMILY = 2;
				USER_HEADER_SEARCH_PATHS = "";
				VALID_ARCHS = "armv7 armv7s arm64 i386";
			};
			name = Debug;
		};
		97E3358A147A938A008147AD /* Release */ = {
			isa = XCBuildConfiguration;
			buildSettings = {
				ALWAYS_SEARCH_USER_PATHS = NO;
				CLANG_ALLOW_NON_MODULAR_INCLUDES_IN_FRAMEWORK_MODULES = YES;
				CLANG_ENABLE_MODULES = YES;
				CLANG_ENABLE_OBJC_ARC = YES;
				CLANG_WARN_BLOCK_CAPTURE_AUTORELEASING = YES;
				CLANG_WARN_BOOL_CONVERSION = NO;
				CLANG_WARN_COMMA = YES;
				CLANG_WARN_CONSTANT_CONVERSION = NO;
				CLANG_WARN_DEPRECATED_OBJC_IMPLEMENTATIONS = YES;
				CLANG_WARN_DOCUMENTATION_COMMENTS = YES;
				CLANG_WARN_EMPTY_BODY = YES;
				CLANG_WARN_ENUM_CONVERSION = YES;
				CLANG_WARN_INFINITE_RECURSION = YES;
				CLANG_WARN_INT_CONVERSION = NO;
				CLANG_WARN_NON_LITERAL_NULL_CONVERSION = YES;
				CLANG_WARN_OBJC_IMPLICIT_RETAIN_SELF = YES;
				CLANG_WARN_OBJC_LITERAL_CONVERSION = YES;
				CLANG_WARN_RANGE_LOOP_ANALYSIS = YES;
				CLANG_WARN_STRICT_PROTOTYPES = YES;
				CLANG_WARN_SUSPICIOUS_MOVE = YES;
				CLANG_WARN_UNREACHABLE_CODE = YES;
				CLANG_WARN__DUPLICATE_METHOD_MATCH = YES;
				CODE_SIGN_ENTITLEMENTS = "";
				CODE_SIGN_IDENTITY = "";
				"CODE_SIGN_IDENTITY[sdk=iphoneos*]" = "";
				COPY_PHASE_STRIP = YES;
				CORE_PLOT = CorePlot_0.9;
				DEFINES_MODULE = YES;
				ENABLE_STRICT_OBJC_MSGSEND = YES;
				FRAMEWORK_SEARCH_PATHS = "";
				GCC_C_LANGUAGE_STANDARD = gnu99;
				GCC_INCREASE_PRECOMPILED_HEADER_SHARING = YES;
				GCC_NO_COMMON_BLOCKS = YES;
				GCC_PRECOMPILE_PREFIX_HEADER = YES;
				GCC_TREAT_WARNINGS_AS_ERRORS = NO;
				GCC_VERSION = com.apple.compilers.llvm.clang.1_0;
				GCC_WARN_64_TO_32_BIT_CONVERSION = NO;
				GCC_WARN_ABOUT_DEPRECATED_FUNCTIONS = YES;
				GCC_WARN_ABOUT_MISSING_NEWLINE = YES;
				GCC_WARN_ABOUT_MISSING_PROTOTYPES = YES;
				GCC_WARN_ABOUT_RETURN_TYPE = YES;
				GCC_WARN_INITIALIZER_NOT_FULLY_BRACKETED = YES;
				GCC_WARN_SHADOW = NO;
				GCC_WARN_UNDECLARED_SELECTOR = YES;
				GCC_WARN_UNINITIALIZED_AUTOS = YES;
				GCC_WARN_UNUSED_FUNCTION = YES;
				GCC_WARN_UNUSED_PARAMETER = NO;
				GCC_WARN_UNUSED_VARIABLE = YES;
				HEADER_SEARCH_PATHS = "";
				IPHONEOS_DEPLOYMENT_TARGET = 11.3;
				OBJROOT = "$(HOME)/Developer/Objects";
				OTHER_CFLAGS = (
					"-iquote",
					"\"$PODS_CONFIGURATION_BUILD_DIR/CorePlot/CorePlot.framework/Headers\"",
				);
				OTHER_LDFLAGS = "-ObjC";
				PRODUCT_MODULE_NAME = "$(PRODUCT_NAME:c99extidentifier)";
				PROVISIONING_PROFILE = "";
				"PROVISIONING_PROFILE[sdk=iphoneos*]" = "";
				SDKROOT = iphoneos;
				SWIFT_OBJC_BRIDGING_HEADER = "PrimaMateria/Classes/Other Sources/PrimaMateria-Bridging-Header.h";
				SWIFT_SWIFT3_OBJC_INFERENCE = Default;
				SWIFT_VERSION = 2.3;
				SYMROOT = "$(HOME)/Developer/Build";
				TARGETED_DEVICE_FAMILY = 2;
				USER_HEADER_SEARCH_PATHS = "";
				VALIDATE_PRODUCT = YES;
				VALID_ARCHS = "armv7 armv7s arm64 i386";
			};
			name = Release;
		};
		97E3358C147A938A008147AD /* Debug */ = {
			isa = XCBuildConfiguration;
			baseConfigurationReference = 667BA4B8E6AB4A94BB6FAFD6 /* Pods-PrimaMateria.debug.xcconfig */;
			buildSettings = {
				ALWAYS_EMBED_SWIFT_STANDARD_LIBRARIES = YES;
				ALWAYS_SEARCH_USER_PATHS = NO;
				ASSETCATALOG_COMPILER_APPICON_NAME = AppIcon;
				ASSETCATALOG_COMPILER_LAUNCHIMAGE_NAME = "Brand Assets";
				CLANG_ENABLE_MODULES = YES;
				CLANG_ENABLE_OBJC_ARC = YES;
				CODE_SIGN_ENTITLEMENTS = "";
				CODE_SIGN_IDENTITY = "";
				"CODE_SIGN_IDENTITY[sdk=iphoneos*]" = "";
				CODE_SIGN_INJECT_BASE_ENTITLEMENTS = YES;
				CODE_SIGN_STYLE = Automatic;
				COPY_PHASE_STRIP = NO;
				DEVELOPMENT_TEAM = LLJ69M6QV6;
				FRAMEWORK_SEARCH_PATHS = (
					"$(inherited)",
					"\"${PODS_CONFIGURATION_BUILD_DIR}/CorePlot\"/**",
					"\"${PODS_CONFIGURATION_BUILD_DIR}/RxSwift\"",
				);
				GCC_INCREASE_PRECOMPILED_HEADER_SHARING = YES;
				GCC_PRECOMPILE_PREFIX_HEADER = YES;
				GCC_PREFIX_HEADER = "PrimaMateria/Classes/Other Sources/PrimaMateria-Prefix.pch";
				GCC_WARN_ABOUT_DEPRECATED_FUNCTIONS = YES;
				GCC_WARN_SHADOW = YES;
				HEADER_SEARCH_PATHS = "$SOURCE_ROOT/Pods/CorePlot/framework/**";
				INFOPLIST_FILE = "PrimaMateria/PrimaMateria-Info.plist";
				IPHONEOS_DEPLOYMENT_TARGET = 11.3;
				LD_RUNPATH_SEARCH_PATHS = "$(inherited) @executable_path/Frameworks";
				LIBRARY_SEARCH_PATHS = "";
				ONLY_ACTIVE_ARCH = NO;
				OTHER_CFLAGS = "$(inherited)";
				OTHER_LDFLAGS = "-ObjC";
				PRODUCT_BUNDLE_IDENTIFIER = com.xtrensa.primamateria;
				PRODUCT_NAME = "$(TARGET_NAME)";
				PROVISIONING_PROFILE = "";
				PROVISIONING_PROFILE_SPECIFIER = "";
				SWIFT_OBJC_BRIDGING_HEADER = $inherited;
				SWIFT_OPTIMIZATION_LEVEL = "-Onone";
				SWIFT_SWIFT3_OBJC_INFERENCE = Default;
				SWIFT_VERSION = 4.0;
				SYMROOT = "$(HOME)/Developer/Build";
				TARGETED_DEVICE_FAMILY = 2;
				USER_HEADER_SEARCH_PATHS = "$(inherited)";
				VALID_ARCHS = "armv7 armv7s arm64 i386";
				WRAPPER_EXTENSION = app;
			};
			name = Debug;
		};
		97E3358D147A938A008147AD /* Release */ = {
			isa = XCBuildConfiguration;
			baseConfigurationReference = F934C7DC4D0E762D542645C8 /* Pods-PrimaMateria.release.xcconfig */;
			buildSettings = {
				ALWAYS_EMBED_SWIFT_STANDARD_LIBRARIES = YES;
				ALWAYS_SEARCH_USER_PATHS = NO;
				ASSETCATALOG_COMPILER_APPICON_NAME = AppIcon;
				ASSETCATALOG_COMPILER_LAUNCHIMAGE_NAME = "Brand Assets";
				CLANG_ENABLE_MODULES = YES;
				CLANG_ENABLE_OBJC_ARC = YES;
				CODE_SIGN_ENTITLEMENTS = "";
				CODE_SIGN_IDENTITY = "";
				"CODE_SIGN_IDENTITY[sdk=iphoneos*]" = "";
				CODE_SIGN_INJECT_BASE_ENTITLEMENTS = YES;
				CODE_SIGN_STYLE = Automatic;
				COPY_PHASE_STRIP = NO;
				DEVELOPMENT_TEAM = LLJ69M6QV6;
				FRAMEWORK_SEARCH_PATHS = (
					"$(inherited)",
					"\"${PODS_CONFIGURATION_BUILD_DIR}/CorePlot\"/**",
					"\"${PODS_CONFIGURATION_BUILD_DIR}/RxSwift\"",
				);
				GCC_INCREASE_PRECOMPILED_HEADER_SHARING = YES;
				GCC_PRECOMPILE_PREFIX_HEADER = YES;
				GCC_PREFIX_HEADER = "PrimaMateria/Classes/Other Sources/PrimaMateria-Prefix.pch";
				GCC_WARN_ABOUT_DEPRECATED_FUNCTIONS = YES;
				GCC_WARN_SHADOW = YES;
				HEADER_SEARCH_PATHS = "$SOURCE_ROOT/Pods/CorePlot/framework/**";
				INFOPLIST_FILE = "PrimaMateria/PrimaMateria-Info.plist";
				IPHONEOS_DEPLOYMENT_TARGET = 11.3;
				LD_RUNPATH_SEARCH_PATHS = "$(inherited) @executable_path/Frameworks";
				LIBRARY_SEARCH_PATHS = "";
				ONLY_ACTIVE_ARCH = NO;
				OTHER_CFLAGS = "$(inherited)";
				OTHER_LDFLAGS = "-ObjC";
				PRODUCT_BUNDLE_IDENTIFIER = com.xtrensa.primamateria;
				PRODUCT_NAME = "$(TARGET_NAME)";
				PROVISIONING_PROFILE = "";
				PROVISIONING_PROFILE_SPECIFIER = "";
				SWIFT_OBJC_BRIDGING_HEADER = $inherited;
				SWIFT_OPTIMIZATION_LEVEL = "-Owholemodule";
				SWIFT_SWIFT3_OBJC_INFERENCE = Default;
				SWIFT_VERSION = 4.0;
				SYMROOT = "$(HOME)/Developer/Build";
				TARGETED_DEVICE_FAMILY = 2;
				USER_HEADER_SEARCH_PATHS = "$(inherited)";
				VALID_ARCHS = "armv7 armv7s arm64 i386";
				WRAPPER_EXTENSION = app;
			};
			name = Release;
		};
		9B116A6320D6AC6B00175AF0 /* Debug */ = {
			isa = XCBuildConfiguration;
			buildSettings = {
				BUNDLE_LOADER = "$(TEST_HOST)";
				CLANG_ANALYZER_NONNULL = YES;
				CLANG_ANALYZER_NUMBER_OBJECT_CONVERSION = YES_AGGRESSIVE;
				CLANG_CXX_LANGUAGE_STANDARD = "gnu++14";
				CLANG_CXX_LIBRARY = "libc++";
				CLANG_ENABLE_OBJC_WEAK = YES;
				CLANG_WARN_BOOL_CONVERSION = YES;
				CLANG_WARN_CONSTANT_CONVERSION = YES;
				CLANG_WARN_DIRECT_OBJC_ISA_USAGE = YES_ERROR;
				CLANG_WARN_INT_CONVERSION = YES;
				CLANG_WARN_OBJC_ROOT_CLASS = YES_ERROR;
				CLANG_WARN_UNGUARDED_AVAILABILITY = YES_AGGRESSIVE;
				CODE_SIGN_IDENTITY = "iPhone Developer";
				CODE_SIGN_STYLE = Automatic;
				COPY_PHASE_STRIP = NO;
				DEBUG_INFORMATION_FORMAT = dwarf;
				FRAMEWORK_SEARCH_PATHS = "";
				GCC_C_LANGUAGE_STANDARD = gnu11;
				GCC_PREFIX_HEADER = "PrimaMateria/Classes/Other Sources/PrimaMateria-Prefix.pch";
				GCC_WARN_64_TO_32_BIT_CONVERSION = YES;
				GCC_WARN_ABOUT_RETURN_TYPE = YES_ERROR;
				GCC_WARN_UNINITIALIZED_AUTOS = YES_AGGRESSIVE;
				HEADER_SEARCH_PATHS = "$SOURCE_ROOT/Pods/CorePlot/framework/**";
				INFOPLIST_FILE = PrimaMateriaTests/Info.plist;
				LD_RUNPATH_SEARCH_PATHS = "$(inherited) @executable_path/Frameworks @loader_path/Frameworks";
				MTL_ENABLE_DEBUG_INFO = YES;
				PRODUCT_BUNDLE_IDENTIFIER = com.xtrensa.PrimaMateriaTests;
				PRODUCT_NAME = "$(TARGET_NAME)";
				SWIFT_ACTIVE_COMPILATION_CONDITIONS = DEBUG;
				SWIFT_OPTIMIZATION_LEVEL = "-Onone";
				SWIFT_VERSION = 4.0;
				TARGETED_DEVICE_FAMILY = "1,2";
				TEST_HOST = "$(BUILT_PRODUCTS_DIR)/PrimaMateria.app/PrimaMateria";
			};
			name = Debug;
		};
		9B116A6420D6AC6B00175AF0 /* Release */ = {
			isa = XCBuildConfiguration;
			buildSettings = {
				BUNDLE_LOADER = "$(TEST_HOST)";
				CLANG_ANALYZER_NONNULL = YES;
				CLANG_ANALYZER_NUMBER_OBJECT_CONVERSION = YES_AGGRESSIVE;
				CLANG_CXX_LANGUAGE_STANDARD = "gnu++14";
				CLANG_CXX_LIBRARY = "libc++";
				CLANG_ENABLE_OBJC_WEAK = YES;
				CLANG_WARN_BOOL_CONVERSION = YES;
				CLANG_WARN_CONSTANT_CONVERSION = YES;
				CLANG_WARN_DIRECT_OBJC_ISA_USAGE = YES_ERROR;
				CLANG_WARN_INT_CONVERSION = YES;
				CLANG_WARN_OBJC_ROOT_CLASS = YES_ERROR;
				CLANG_WARN_UNGUARDED_AVAILABILITY = YES_AGGRESSIVE;
				CODE_SIGN_IDENTITY = "iPhone Developer";
				CODE_SIGN_STYLE = Automatic;
				COPY_PHASE_STRIP = NO;
				DEBUG_INFORMATION_FORMAT = "dwarf-with-dsym";
				ENABLE_NS_ASSERTIONS = NO;
				GCC_C_LANGUAGE_STANDARD = gnu11;
				GCC_PREFIX_HEADER = "PrimaMateria/Classes/Other Sources/PrimaMateria-Prefix.pch";
				GCC_WARN_64_TO_32_BIT_CONVERSION = YES;
				GCC_WARN_ABOUT_RETURN_TYPE = YES_ERROR;
				GCC_WARN_UNINITIALIZED_AUTOS = YES_AGGRESSIVE;
				HEADER_SEARCH_PATHS = "$SOURCE_ROOT/Pods/CorePlot/framework/**";
				INFOPLIST_FILE = PrimaMateriaTests/Info.plist;
				LD_RUNPATH_SEARCH_PATHS = "$(inherited) @executable_path/Frameworks @loader_path/Frameworks";
				MTL_ENABLE_DEBUG_INFO = NO;
				PRODUCT_BUNDLE_IDENTIFIER = com.xtrensa.PrimaMateriaTests;
				PRODUCT_NAME = "$(TARGET_NAME)";
				SWIFT_OPTIMIZATION_LEVEL = "-Owholemodule";
				SWIFT_VERSION = 4.0;
				TARGETED_DEVICE_FAMILY = "1,2";
				TEST_HOST = "$(BUILT_PRODUCTS_DIR)/PrimaMateria.app/PrimaMateria";
			};
			name = Release;
		};
/* End XCBuildConfiguration section */

/* Begin XCConfigurationList section */
		97E3355C147A9389008147AD /* Build configuration list for PBXProject "PrimaMateria" */ = {
			isa = XCConfigurationList;
			buildConfigurations = (
				97E33589147A938A008147AD /* Debug */,
				97E3358A147A938A008147AD /* Release */,
			);
			defaultConfigurationIsVisible = 0;
			defaultConfigurationName = Release;
		};
		97E3358B147A938A008147AD /* Build configuration list for PBXNativeTarget "PrimaMateria" */ = {
			isa = XCConfigurationList;
			buildConfigurations = (
				97E3358C147A938A008147AD /* Debug */,
				97E3358D147A938A008147AD /* Release */,
			);
			defaultConfigurationIsVisible = 0;
			defaultConfigurationName = Release;
		};
		9B116A6220D6AC6B00175AF0 /* Build configuration list for PBXNativeTarget "PrimaMateriaTests" */ = {
			isa = XCConfigurationList;
			buildConfigurations = (
				9B116A6320D6AC6B00175AF0 /* Debug */,
				9B116A6420D6AC6B00175AF0 /* Release */,
			);
			defaultConfigurationIsVisible = 0;
			defaultConfigurationName = Release;
		};
/* End XCConfigurationList section */
	};
	rootObject = 97E33559147A9389008147AD /* Project object */;
}
