PODS:
  - CorePlot (2.2)
  - RxCocoa (4.2.0):
    - RxSwift (~> 4.0)
  - RxSwift (4.2.0)

DEPENDENCIES:
  - CorePlot (from `https://github.com/core-plot/core-plot.git`, branch `release-2.3`)
  - RxCocoa (~> 4.0)
  - RxSwift (~> 4.0)

SPEC REPOS:
  https://github.com/cocoapods/specs.git:
    - RxCocoa
    - RxSwift

EXTERNAL SOURCES:
  CorePlot:
    :branch: release-2.3
    :git: https://github.com/core-plot/core-plot.git

CHECKOUT OPTIONS:
  CorePlot:
    :commit: 09c5c594c82899d0a30de0b5216974b307fbb0cc
    :git: https://github.com/core-plot/core-plot.git

SPEC CHECKSUMS:
  CorePlot: a89f21d4662cb54853e579c4ce560e74036cffcb
  RxCocoa: 0b54909c902e1e581212a03e690bbd94032d8baa
  RxSwift: 99e10317ddfcc7fbe01356aafd118fde4a0be104

PODFILE CHECKSUM: 144f166bbb3e12c36889d1d9d2a65ba647676ce2

COCOAPODS: 1.5.3
